// !$*UTF8*$!
{
	archiveVersion = 1;
	classes = {
	};
	objectVersion = 46;
	objects = {

/* Begin PBXBuildFile section */
		4EF9EE951A9D66E20074D0D9 /* main.m in Sources */ = {isa = PBXBuildFile; fileRef = 4EF9EE941A9D66E20074D0D9 /* main.m */; };
		4EF9EE981A9D66E20074D0D9 /* AppDelegate.m in Sources */ = {isa = PBXBuildFile; fileRef = 4EF9EE971A9D66E20074D0D9 /* AppDelegate.m */; };
		4EF9EEA31A9D66E20074D0D9 /* Images.xcassets in Resources */ = {isa = PBXBuildFile; fileRef = 4EF9EEA21A9D66E20074D0D9 /* Images.xcassets */; };
		4EF9EEA61A9D66E20074D0D9 /* LaunchScreen.xib in Resources */ = {isa = PBXBuildFile; fileRef = 4EF9EEA41A9D66E20074D0D9 /* LaunchScreen.xib */; };
		4EF9EEB21A9D66E20074D0D9 /* MLXCTests.m in Sources */ = {isa = PBXBuildFile; fileRef = 4EF9EEB11A9D66E20074D0D9 /* MLXCTests.m */; };
		4EF9EF041A9D9EC10074D0D9 /* Restaurant.storyboard in Resources */ = {isa = PBXBuildFile; fileRef = 4EF9EF031A9D9EC10074D0D9 /* Restaurant.storyboard */; };
		4EF9EF491A9DA77A0074D0D9 /* MLXCRestaurantList.m in Sources */ = {isa = PBXBuildFile; fileRef = 4EF9EF481A9DA77A0074D0D9 /* MLXCRestaurantList.m */; };
		4EF9EF7E1A9DA8770074D0D9 /* NetConfigModelDefaultManager.m in Sources */ = {isa = PBXBuildFile; fileRef = 4EF9EF4E1A9DA8760074D0D9 /* NetConfigModelDefaultManager.m */; };
		4EF9EF7F1A9DA8770074D0D9 /* NetConfigManager.m in Sources */ = {isa = PBXBuildFile; fileRef = 4EF9EF531A9DA8760074D0D9 /* NetConfigManager.m */; };
		4EF9EF801A9DA8770074D0D9 /* NetConfigModel.m in Sources */ = {isa = PBXBuildFile; fileRef = 4EF9EF551A9DA8760074D0D9 /* NetConfigModel.m */; };
		4EF9EF811A9DA8770074D0D9 /* NetConfigInput.m in Sources */ = {isa = PBXBuildFile; fileRef = 4EF9EF5D1A9DA8760074D0D9 /* NetConfigInput.m */; };
		4EF9EF821A9DA8770074D0D9 /* WMNetConfigInput.m in Sources */ = {isa = PBXBuildFile; fileRef = 4EF9EF5F1A9DA8770074D0D9 /* WMNetConfigInput.m */; };
		4EF9EF831A9DA8770074D0D9 /* NetConfigDefaultReflect.m in Sources */ = {isa = PBXBuildFile; fileRef = 4EF9EF621A9DA8770074D0D9 /* NetConfigDefaultReflect.m */; };
		4EF9EF841A9DA8770074D0D9 /* AFNetWorkRequest.m in Sources */ = {isa = PBXBuildFile; fileRef = 4EF9EF651A9DA8770074D0D9 /* AFNetWorkRequest.m */; };
		4EF9EF851A9DA8770074D0D9 /* WMAFNetWorkRequest.m in Sources */ = {isa = PBXBuildFile; fileRef = 4EF9EF671A9DA8770074D0D9 /* WMAFNetWorkRequest.m */; };
		4EF9EF861A9DA8770074D0D9 /* NetConfigRequestDataDefaultManager.m in Sources */ = {isa = PBXBuildFile; fileRef = 4EF9EF6A1A9DA8770074D0D9 /* NetConfigRequestDataDefaultManager.m */; };
		4EF9EF871A9DA8770074D0D9 /* NetConfigDefaultSign.m in Sources */ = {isa = PBXBuildFile; fileRef = 4EF9EF6D1A9DA8770074D0D9 /* NetConfigDefaultSign.m */; };
		4EF9EF881A9DA8770074D0D9 /* WMNetConfigSign.m in Sources */ = {isa = PBXBuildFile; fileRef = 4EF9EF6F1A9DA8770074D0D9 /* WMNetConfigSign.m */; };
		4EF9EF891A9DA8770074D0D9 /* NSObject+Reflection.m in Sources */ = {isa = PBXBuildFile; fileRef = 4EF9EF721A9DA8770074D0D9 /* NSObject+Reflection.m */; };
		4EF9EF8A1A9DA8770074D0D9 /* ReadValue.m in Sources */ = {isa = PBXBuildFile; fileRef = 4EF9EF741A9DA8770074D0D9 /* ReadValue.m */; };
		4EF9EF8B1A9DA8770074D0D9 /* Reflection.m in Sources */ = {isa = PBXBuildFile; fileRef = 4EF9EF771A9DA8770074D0D9 /* Reflection.m */; };
		4EF9EF8C1A9DA8770074D0D9 /* ReflectionException.m in Sources */ = {isa = PBXBuildFile; fileRef = 4EF9EF7A1A9DA8770074D0D9 /* ReflectionException.m */; };
		4EF9EF8D1A9DA8770074D0D9 /* ReflectionProperty.m in Sources */ = {isa = PBXBuildFile; fileRef = 4EF9EF7D1A9DA8770074D0D9 /* ReflectionProperty.m */; };
		4EF9EF901A9DA90D0074D0D9 /* MLXCRestaurant.m in Sources */ = {isa = PBXBuildFile; fileRef = 4EF9EF8F1A9DA90D0074D0D9 /* MLXCRestaurant.m */; };
		4EF9EF931A9DA9ED0074D0D9 /* MLXCRestaurantManager.m in Sources */ = {isa = PBXBuildFile; fileRef = 4EF9EF921A9DA9ED0074D0D9 /* MLXCRestaurantManager.m */; };
		4EF9EF961A9DAA770074D0D9 /* MLXCRestaurantInput.m in Sources */ = {isa = PBXBuildFile; fileRef = 4EF9EF951A9DAA770074D0D9 /* MLXCRestaurantInput.m */; };
		4EF9EF991A9DB2410074D0D9 /* MLXCRestaurantController.m in Sources */ = {isa = PBXBuildFile; fileRef = 4EF9EF981A9DB2410074D0D9 /* MLXCRestaurantController.m */; };
		4EF9EFA31A9DB3E80074D0D9 /* Main.storyboard in Resources */ = {isa = PBXBuildFile; fileRef = 4EF9EFA21A9DB3E80074D0D9 /* Main.storyboard */; };
		4EF9EFA81A9DB4200074D0D9 /* MLXCMainViewController.m in Sources */ = {isa = PBXBuildFile; fileRef = 4EF9EFA71A9DB4200074D0D9 /* MLXCMainViewController.m */; };
		4EF9EFAB1A9DB6C30074D0D9 /* MLXCMainCell.m in Sources */ = {isa = PBXBuildFile; fileRef = 4EF9EFAA1A9DB6C30074D0D9 /* MLXCMainCell.m */; };
		4EF9EFD31A9DBC7F0074D0D9 /* AFHTTPRequestOperation.m in Sources */ = {isa = PBXBuildFile; fileRef = 4EF9EFAF1A9DBC7F0074D0D9 /* AFHTTPRequestOperation.m */; };
		4EF9EFD41A9DBC7F0074D0D9 /* AFHTTPRequestOperationManager.m in Sources */ = {isa = PBXBuildFile; fileRef = 4EF9EFB11A9DBC7F0074D0D9 /* AFHTTPRequestOperationManager.m */; };
		4EF9EFD51A9DBC7F0074D0D9 /* AFHTTPSessionManager.m in Sources */ = {isa = PBXBuildFile; fileRef = 4EF9EFB31A9DBC7F0074D0D9 /* AFHTTPSessionManager.m */; };
		4EF9EFD61A9DBC7F0074D0D9 /* AFNetworkReachabilityManager.m in Sources */ = {isa = PBXBuildFile; fileRef = 4EF9EFB61A9DBC7F0074D0D9 /* AFNetworkReachabilityManager.m */; };
		4EF9EFD71A9DBC7F0074D0D9 /* AFSecurityPolicy.m in Sources */ = {isa = PBXBuildFile; fileRef = 4EF9EFB81A9DBC7F0074D0D9 /* AFSecurityPolicy.m */; };
		4EF9EFD81A9DBC7F0074D0D9 /* AFURLConnectionOperation.m in Sources */ = {isa = PBXBuildFile; fileRef = 4EF9EFBA1A9DBC7F0074D0D9 /* AFURLConnectionOperation.m */; };
		4EF9EFD91A9DBC7F0074D0D9 /* AFURLRequestSerialization.m in Sources */ = {isa = PBXBuildFile; fileRef = 4EF9EFBC1A9DBC7F0074D0D9 /* AFURLRequestSerialization.m */; };
		4EF9EFDA1A9DBC7F0074D0D9 /* AFURLResponseSerialization.m in Sources */ = {isa = PBXBuildFile; fileRef = 4EF9EFBE1A9DBC7F0074D0D9 /* AFURLResponseSerialization.m */; };
		4EF9EFDB1A9DBC7F0074D0D9 /* AFURLSessionManager.m in Sources */ = {isa = PBXBuildFile; fileRef = 4EF9EFC01A9DBC7F0074D0D9 /* AFURLSessionManager.m */; };
		4EF9EFDC1A9DBC7F0074D0D9 /* AFNetworkActivityIndicatorManager.m in Sources */ = {isa = PBXBuildFile; fileRef = 4EF9EFC31A9DBC7F0074D0D9 /* AFNetworkActivityIndicatorManager.m */; };
		4EF9EFDD1A9DBC7F0074D0D9 /* UIActivityIndicatorView+AFNetworking.m in Sources */ = {isa = PBXBuildFile; fileRef = 4EF9EFC51A9DBC7F0074D0D9 /* UIActivityIndicatorView+AFNetworking.m */; };
		4EF9EFDE1A9DBC7F0074D0D9 /* UIAlertView+AFNetworking.m in Sources */ = {isa = PBXBuildFile; fileRef = 4EF9EFC71A9DBC7F0074D0D9 /* UIAlertView+AFNetworking.m */; };
		4EF9EFDF1A9DBC7F0074D0D9 /* UIButton+AFNetworking.m in Sources */ = {isa = PBXBuildFile; fileRef = 4EF9EFC91A9DBC7F0074D0D9 /* UIButton+AFNetworking.m */; };
		4EF9EFE01A9DBC7F0074D0D9 /* UIImageView+AFNetworking.m in Sources */ = {isa = PBXBuildFile; fileRef = 4EF9EFCB1A9DBC7F0074D0D9 /* UIImageView+AFNetworking.m */; };
		4EF9EFE11A9DBC7F0074D0D9 /* UIProgressView+AFNetworking.m in Sources */ = {isa = PBXBuildFile; fileRef = 4EF9EFCE1A9DBC7F0074D0D9 /* UIProgressView+AFNetworking.m */; };
		4EF9EFE21A9DBC7F0074D0D9 /* UIRefreshControl+AFNetworking.m in Sources */ = {isa = PBXBuildFile; fileRef = 4EF9EFD01A9DBC7F0074D0D9 /* UIRefreshControl+AFNetworking.m */; };
		4EF9EFE31A9DBC7F0074D0D9 /* UIWebView+AFNetworking.m in Sources */ = {isa = PBXBuildFile; fileRef = 4EF9EFD21A9DBC7F0074D0D9 /* UIWebView+AFNetworking.m */; };
		4EF9EFE51A9DBCA60074D0D9 /* Foundation.framework in Frameworks */ = {isa = PBXBuildFile; fileRef = 4EF9EFE41A9DBCA50074D0D9 /* Foundation.framework */; };
		4EF9EFE71A9DBCAF0074D0D9 /* CFNetwork.framework in Frameworks */ = {isa = PBXBuildFile; fileRef = 4EF9EFE61A9DBCAF0074D0D9 /* CFNetwork.framework */; };
		4EF9EFE91A9DBCB50074D0D9 /* MobileCoreServices.framework in Frameworks */ = {isa = PBXBuildFile; fileRef = 4EF9EFE81A9DBCB50074D0D9 /* MobileCoreServices.framework */; };
		4EF9EFEB1A9DBCBE0074D0D9 /* SystemConfiguration.framework in Frameworks */ = {isa = PBXBuildFile; fileRef = 4EF9EFEA1A9DBCBE0074D0D9 /* SystemConfiguration.framework */; };
		4EF9EFED1A9DBCC50074D0D9 /* CoreGraphics.framework in Frameworks */ = {isa = PBXBuildFile; fileRef = 4EF9EFEC1A9DBCC50074D0D9 /* CoreGraphics.framework */; };
		4EF9EFEF1A9DBCCC0074D0D9 /* UIKit.framework in Frameworks */ = {isa = PBXBuildFile; fileRef = 4EF9EFEE1A9DBCCC0074D0D9 /* UIKit.framework */; };
		4EF9EFF11A9DBCD30074D0D9 /* Security.framework in Frameworks */ = {isa = PBXBuildFile; fileRef = 4EF9EFF01A9DBCD30074D0D9 /* Security.framework */; };
		4EF9F0201A9DBD7A0074D0D9 /* MLXCRestaurantListViewController.m in Sources */ = {isa = PBXBuildFile; fileRef = 4EF9F01F1A9DBD7A0074D0D9 /* MLXCRestaurantListViewController.m */; };
		4EF9F0231A9DBD970074D0D9 /* MLXCRestaurantListCell.m in Sources */ = {isa = PBXBuildFile; fileRef = 4EF9F0221A9DBD970074D0D9 /* MLXCRestaurantListCell.m */; };
		4EF9F0281A9DCF9E0074D0D9 /* Back.xib in Resources */ = {isa = PBXBuildFile; fileRef = 4EF9F0271A9DCF9E0074D0D9 /* Back.xib */; };
		4EF9F02D1A9DD16F0074D0D9 /* UIViewController+Bar.m in Sources */ = {isa = PBXBuildFile; fileRef = 4EF9F02C1A9DD16F0074D0D9 /* UIViewController+Bar.m */; };
		4EF9F0301A9DD1BA0074D0D9 /* back@2x.png in Resources */ = {isa = PBXBuildFile; fileRef = 4EF9F02F1A9DD1BA0074D0D9 /* back@2x.png */; };
		4EF9F03B1A9EBD130074D0D9 /* hasinvoice_normal@2x.png in Resources */ = {isa = PBXBuildFile; fileRef = 4EF9F0391A9EBD130074D0D9 /* hasinvoice_normal@2x.png */; };
		4EF9F03C1A9EBD130074D0D9 /* hasinvoice_selected@2x.png in Resources */ = {isa = PBXBuildFile; fileRef = 4EF9F03A1A9EBD130074D0D9 /* hasinvoice_selected@2x.png */; };
		4EF9F03F1A9EBF190074D0D9 /* tipIcon_down@2x.png in Resources */ = {isa = PBXBuildFile; fileRef = 4EF9F03D1A9EBF190074D0D9 /* tipIcon_down@2x.png */; };
		4EF9F0401A9EBF190074D0D9 /* tipIcon_up@2x.png in Resources */ = {isa = PBXBuildFile; fileRef = 4EF9F03E1A9EBF190074D0D9 /* tipIcon_up@2x.png */; };
		4EF9F0461A9EC3F40074D0D9 /* MLXCRestaurantFoodList.m in Sources */ = {isa = PBXBuildFile; fileRef = 4EF9F0451A9EC3F40074D0D9 /* MLXCRestaurantFoodList.m */; };
		4EF9F0491A9EC40B0074D0D9 /* MLXCRestaurantFood.m in Sources */ = {isa = PBXBuildFile; fileRef = 4EF9F0481A9EC40B0074D0D9 /* MLXCRestaurantFood.m */; };
		4EF9F04C1A9ECB850074D0D9 /* MLXCRestaurantFoodListViewController.m in Sources */ = {isa = PBXBuildFile; fileRef = 4EF9F04B1A9ECB850074D0D9 /* MLXCRestaurantFoodListViewController.m */; };
		4EF9F04F1A9ECC830074D0D9 /* MLXCBaseViewController.m in Sources */ = {isa = PBXBuildFile; fileRef = 4EF9F04E1A9ECC830074D0D9 /* MLXCBaseViewController.m */; };
		4EF9F05B1A9F0A710074D0D9 /* MLXCFoodListCell.m in Sources */ = {isa = PBXBuildFile; fileRef = 4EF9F05A1A9F0A710074D0D9 /* MLXCFoodListCell.m */; };
		4EF9F05E1A9F171D0074D0D9 /* MLXCFoodListImagesCell.m in Sources */ = {isa = PBXBuildFile; fileRef = 4EF9F05D1A9F171D0074D0D9 /* MLXCFoodListImagesCell.m */; };
		4EF9F07E1A9F1DD00074D0D9 /* NSData+ImageContentType.m in Sources */ = {isa = PBXBuildFile; fileRef = 4EF9F0621A9F1DCF0074D0D9 /* NSData+ImageContentType.m */; };
		4EF9F07F1A9F1DD00074D0D9 /* SDImageCache.m in Sources */ = {isa = PBXBuildFile; fileRef = 4EF9F0641A9F1DCF0074D0D9 /* SDImageCache.m */; };
		4EF9F0801A9F1DD00074D0D9 /* SDWebImageCompat.m in Sources */ = {isa = PBXBuildFile; fileRef = 4EF9F0661A9F1DCF0074D0D9 /* SDWebImageCompat.m */; };
		4EF9F0811A9F1DD00074D0D9 /* SDWebImageDecoder.m in Sources */ = {isa = PBXBuildFile; fileRef = 4EF9F0681A9F1DCF0074D0D9 /* SDWebImageDecoder.m */; };
		4EF9F0821A9F1DD00074D0D9 /* SDWebImageDownloader.m in Sources */ = {isa = PBXBuildFile; fileRef = 4EF9F06A1A9F1DCF0074D0D9 /* SDWebImageDownloader.m */; };
		4EF9F0831A9F1DD00074D0D9 /* SDWebImageDownloaderOperation.m in Sources */ = {isa = PBXBuildFile; fileRef = 4EF9F06C1A9F1DCF0074D0D9 /* SDWebImageDownloaderOperation.m */; };
		4EF9F0841A9F1DD00074D0D9 /* SDWebImageManager.m in Sources */ = {isa = PBXBuildFile; fileRef = 4EF9F06E1A9F1DCF0074D0D9 /* SDWebImageManager.m */; };
		4EF9F0851A9F1DD00074D0D9 /* SDWebImagePrefetcher.m in Sources */ = {isa = PBXBuildFile; fileRef = 4EF9F0711A9F1DCF0074D0D9 /* SDWebImagePrefetcher.m */; };
		4EF9F0861A9F1DD00074D0D9 /* UIButton+WebCache.m in Sources */ = {isa = PBXBuildFile; fileRef = 4EF9F0731A9F1DCF0074D0D9 /* UIButton+WebCache.m */; };
		4EF9F0871A9F1DD00074D0D9 /* UIImage+GIF.m in Sources */ = {isa = PBXBuildFile; fileRef = 4EF9F0751A9F1DCF0074D0D9 /* UIImage+GIF.m */; };
		4EF9F0881A9F1DD00074D0D9 /* UIImage+MultiFormat.m in Sources */ = {isa = PBXBuildFile; fileRef = 4EF9F0771A9F1DCF0074D0D9 /* UIImage+MultiFormat.m */; };
		4EF9F0891A9F1DD00074D0D9 /* UIImageView+HighlightedWebCache.m in Sources */ = {isa = PBXBuildFile; fileRef = 4EF9F0791A9F1DCF0074D0D9 /* UIImageView+HighlightedWebCache.m */; };
		4EF9F08A1A9F1DD00074D0D9 /* UIImageView+WebCache.m in Sources */ = {isa = PBXBuildFile; fileRef = 4EF9F07B1A9F1DCF0074D0D9 /* UIImageView+WebCache.m */; };
		4EF9F08B1A9F1DD00074D0D9 /* UIView+WebCacheOperation.m in Sources */ = {isa = PBXBuildFile; fileRef = 4EF9F07D1A9F1DD00074D0D9 /* UIView+WebCacheOperation.m */; };
		4EF9F08E1A9F202A0074D0D9 /* UIImageView+MLXCImageView.m in Sources */ = {isa = PBXBuildFile; fileRef = 4EF9F08D1A9F202A0074D0D9 /* UIImageView+MLXCImageView.m */; };
/* End PBXBuildFile section */

/* Begin PBXContainerItemProxy section */
		4EF9EEAC1A9D66E20074D0D9 /* PBXContainerItemProxy */ = {
			isa = PBXContainerItemProxy;
			containerPortal = 4EF9EE871A9D66E20074D0D9 /* Project object */;
			proxyType = 1;
			remoteGlobalIDString = 4EF9EE8E1A9D66E20074D0D9;
			remoteInfo = MLXC;
		};
/* End PBXContainerItemProxy section */

/* Begin PBXFileReference section */
		4EF9EE8F1A9D66E20074D0D9 /* MLXC.app */ = {isa = PBXFileReference; explicitFileType = wrapper.application; includeInIndex = 0; path = MLXC.app; sourceTree = BUILT_PRODUCTS_DIR; };
		4EF9EE931A9D66E20074D0D9 /* Info.plist */ = {isa = PBXFileReference; lastKnownFileType = text.plist.xml; path = Info.plist; sourceTree = "<group>"; };
		4EF9EE941A9D66E20074D0D9 /* main.m */ = {isa = PBXFileReference; lastKnownFileType = sourcecode.c.objc; path = main.m; sourceTree = "<group>"; };
		4EF9EE961A9D66E20074D0D9 /* AppDelegate.h */ = {isa = PBXFileReference; lastKnownFileType = sourcecode.c.h; path = AppDelegate.h; sourceTree = "<group>"; };
		4EF9EE971A9D66E20074D0D9 /* AppDelegate.m */ = {isa = PBXFileReference; lastKnownFileType = sourcecode.c.objc; path = AppDelegate.m; sourceTree = "<group>"; };
		4EF9EEA21A9D66E20074D0D9 /* Images.xcassets */ = {isa = PBXFileReference; lastKnownFileType = folder.assetcatalog; path = Images.xcassets; sourceTree = "<group>"; };
		4EF9EEA51A9D66E20074D0D9 /* Base */ = {isa = PBXFileReference; lastKnownFileType = file.xib; name = Base; path = Base.lproj/LaunchScreen.xib; sourceTree = "<group>"; };
		4EF9EEAB1A9D66E20074D0D9 /* MLXCTests.xctest */ = {isa = PBXFileReference; explicitFileType = wrapper.cfbundle; includeInIndex = 0; path = MLXCTests.xctest; sourceTree = BUILT_PRODUCTS_DIR; };
		4EF9EEB01A9D66E20074D0D9 /* Info.plist */ = {isa = PBXFileReference; lastKnownFileType = text.plist.xml; path = Info.plist; sourceTree = "<group>"; };
		4EF9EEB11A9D66E20074D0D9 /* MLXCTests.m */ = {isa = PBXFileReference; lastKnownFileType = sourcecode.c.objc; path = MLXCTests.m; sourceTree = "<group>"; };
		4EF9EEF71A9D80680074D0D9 /* SummerDefine.h */ = {isa = PBXFileReference; lastKnownFileType = sourcecode.c.h; path = SummerDefine.h; sourceTree = "<group>"; };
		4EF9EF031A9D9EC10074D0D9 /* Restaurant.storyboard */ = {isa = PBXFileReference; fileEncoding = 4; lastKnownFileType = file.storyboard; path = Restaurant.storyboard; sourceTree = "<group>"; };
		4EF9EF431A9DA31E0074D0D9 /* MLXC.pch */ = {isa = PBXFileReference; fileEncoding = 4; lastKnownFileType = sourcecode.c.h; path = MLXC.pch; sourceTree = "<group>"; };
		4EF9EF471A9DA77A0074D0D9 /* MLXCRestaurantList.h */ = {isa = PBXFileReference; fileEncoding = 4; lastKnownFileType = sourcecode.c.h; path = MLXCRestaurantList.h; sourceTree = "<group>"; };
		4EF9EF481A9DA77A0074D0D9 /* MLXCRestaurantList.m */ = {isa = PBXFileReference; fileEncoding = 4; lastKnownFileType = sourcecode.c.objc; path = MLXCRestaurantList.m; sourceTree = "<group>"; };
		4EF9EF4D1A9DA8760074D0D9 /* NetConfigModelDefaultManager.h */ = {isa = PBXFileReference; fileEncoding = 4; lastKnownFileType = sourcecode.c.h; path = NetConfigModelDefaultManager.h; sourceTree = "<group>"; };
		4EF9EF4E1A9DA8760074D0D9 /* NetConfigModelDefaultManager.m */ = {isa = PBXFileReference; fileEncoding = 4; lastKnownFileType = sourcecode.c.objc; path = NetConfigModelDefaultManager.m; sourceTree = "<group>"; };
		4EF9EF501A9DA8760074D0D9 /* NetConfigDefine.h */ = {isa = PBXFileReference; fileEncoding = 4; lastKnownFileType = sourcecode.c.h; path = NetConfigDefine.h; sourceTree = "<group>"; };
		4EF9EF511A9DA8760074D0D9 /* NetConfigInputProtocol.h */ = {isa = PBXFileReference; fileEncoding = 4; lastKnownFileType = sourcecode.c.h; path = NetConfigInputProtocol.h; sourceTree = "<group>"; };
		4EF9EF521A9DA8760074D0D9 /* NetConfigManager.h */ = {isa = PBXFileReference; fileEncoding = 4; lastKnownFileType = sourcecode.c.h; path = NetConfigManager.h; sourceTree = "<group>"; };
		4EF9EF531A9DA8760074D0D9 /* NetConfigManager.m */ = {isa = PBXFileReference; fileEncoding = 4; lastKnownFileType = sourcecode.c.objc; path = NetConfigManager.m; sourceTree = "<group>"; };
		4EF9EF541A9DA8760074D0D9 /* NetConfigModel.h */ = {isa = PBXFileReference; fileEncoding = 4; lastKnownFileType = sourcecode.c.h; path = NetConfigModel.h; sourceTree = "<group>"; };
		4EF9EF551A9DA8760074D0D9 /* NetConfigModel.m */ = {isa = PBXFileReference; fileEncoding = 4; lastKnownFileType = sourcecode.c.objc; path = NetConfigModel.m; sourceTree = "<group>"; };
		4EF9EF561A9DA8760074D0D9 /* NetConfigModelProtocol.h */ = {isa = PBXFileReference; fileEncoding = 4; lastKnownFileType = sourcecode.c.h; path = NetConfigModelProtocol.h; sourceTree = "<group>"; };
		4EF9EF571A9DA8760074D0D9 /* NetConfigReflectProtocol.h */ = {isa = PBXFileReference; fileEncoding = 4; lastKnownFileType = sourcecode.c.h; path = NetConfigReflectProtocol.h; sourceTree = "<group>"; };
		4EF9EF581A9DA8760074D0D9 /* NetConfigRequestDataProtocol.h */ = {isa = PBXFileReference; fileEncoding = 4; lastKnownFileType = sourcecode.c.h; path = NetConfigRequestDataProtocol.h; sourceTree = "<group>"; };
		4EF9EF591A9DA8760074D0D9 /* NetConfigRequestProtocol.h */ = {isa = PBXFileReference; fileEncoding = 4; lastKnownFileType = sourcecode.c.h; path = NetConfigRequestProtocol.h; sourceTree = "<group>"; };
		4EF9EF5A1A9DA8760074D0D9 /* NetConfigSignProtocol.h */ = {isa = PBXFileReference; fileEncoding = 4; lastKnownFileType = sourcecode.c.h; path = NetConfigSignProtocol.h; sourceTree = "<group>"; };
		4EF9EF5C1A9DA8760074D0D9 /* NetConfigInput.h */ = {isa = PBXFileReference; fileEncoding = 4; lastKnownFileType = sourcecode.c.h; path = NetConfigInput.h; sourceTree = "<group>"; };
		4EF9EF5D1A9DA8760074D0D9 /* NetConfigInput.m */ = {isa = PBXFileReference; fileEncoding = 4; lastKnownFileType = sourcecode.c.objc; path = NetConfigInput.m; sourceTree = "<group>"; };
		4EF9EF5E1A9DA8760074D0D9 /* WMNetConfigInput.h */ = {isa = PBXFileReference; fileEncoding = 4; lastKnownFileType = sourcecode.c.h; path = WMNetConfigInput.h; sourceTree = "<group>"; };
		4EF9EF5F1A9DA8770074D0D9 /* WMNetConfigInput.m */ = {isa = PBXFileReference; fileEncoding = 4; lastKnownFileType = sourcecode.c.objc; path = WMNetConfigInput.m; sourceTree = "<group>"; };
		4EF9EF611A9DA8770074D0D9 /* NetConfigDefaultReflect.h */ = {isa = PBXFileReference; fileEncoding = 4; lastKnownFileType = sourcecode.c.h; path = NetConfigDefaultReflect.h; sourceTree = "<group>"; };
		4EF9EF621A9DA8770074D0D9 /* NetConfigDefaultReflect.m */ = {isa = PBXFileReference; fileEncoding = 4; lastKnownFileType = sourcecode.c.objc; path = NetConfigDefaultReflect.m; sourceTree = "<group>"; };
		4EF9EF641A9DA8770074D0D9 /* AFNetWorkRequest.h */ = {isa = PBXFileReference; fileEncoding = 4; lastKnownFileType = sourcecode.c.h; path = AFNetWorkRequest.h; sourceTree = "<group>"; };
		4EF9EF651A9DA8770074D0D9 /* AFNetWorkRequest.m */ = {isa = PBXFileReference; fileEncoding = 4; lastKnownFileType = sourcecode.c.objc; path = AFNetWorkRequest.m; sourceTree = "<group>"; };
		4EF9EF661A9DA8770074D0D9 /* WMAFNetWorkRequest.h */ = {isa = PBXFileReference; fileEncoding = 4; lastKnownFileType = sourcecode.c.h; path = WMAFNetWorkRequest.h; sourceTree = "<group>"; };
		4EF9EF671A9DA8770074D0D9 /* WMAFNetWorkRequest.m */ = {isa = PBXFileReference; fileEncoding = 4; lastKnownFileType = sourcecode.c.objc; path = WMAFNetWorkRequest.m; sourceTree = "<group>"; };
		4EF9EF691A9DA8770074D0D9 /* NetConfigRequestDataDefaultManager.h */ = {isa = PBXFileReference; fileEncoding = 4; lastKnownFileType = sourcecode.c.h; path = NetConfigRequestDataDefaultManager.h; sourceTree = "<group>"; };
		4EF9EF6A1A9DA8770074D0D9 /* NetConfigRequestDataDefaultManager.m */ = {isa = PBXFileReference; fileEncoding = 4; lastKnownFileType = sourcecode.c.objc; path = NetConfigRequestDataDefaultManager.m; sourceTree = "<group>"; };
		4EF9EF6C1A9DA8770074D0D9 /* NetConfigDefaultSign.h */ = {isa = PBXFileReference; fileEncoding = 4; lastKnownFileType = sourcecode.c.h; path = NetConfigDefaultSign.h; sourceTree = "<group>"; };
		4EF9EF6D1A9DA8770074D0D9 /* NetConfigDefaultSign.m */ = {isa = PBXFileReference; fileEncoding = 4; lastKnownFileType = sourcecode.c.objc; path = NetConfigDefaultSign.m; sourceTree = "<group>"; };
		4EF9EF6E1A9DA8770074D0D9 /* WMNetConfigSign.h */ = {isa = PBXFileReference; fileEncoding = 4; lastKnownFileType = sourcecode.c.h; path = WMNetConfigSign.h; sourceTree = "<group>"; };
		4EF9EF6F1A9DA8770074D0D9 /* WMNetConfigSign.m */ = {isa = PBXFileReference; fileEncoding = 4; lastKnownFileType = sourcecode.c.objc; path = WMNetConfigSign.m; sourceTree = "<group>"; };
		4EF9EF711A9DA8770074D0D9 /* NSObject+Reflection.h */ = {isa = PBXFileReference; fileEncoding = 4; lastKnownFileType = sourcecode.c.h; path = "NSObject+Reflection.h"; sourceTree = "<group>"; };
		4EF9EF721A9DA8770074D0D9 /* NSObject+Reflection.m */ = {isa = PBXFileReference; fileEncoding = 4; lastKnownFileType = sourcecode.c.objc; path = "NSObject+Reflection.m"; sourceTree = "<group>"; };
		4EF9EF731A9DA8770074D0D9 /* ReadValue.h */ = {isa = PBXFileReference; fileEncoding = 4; lastKnownFileType = sourcecode.c.h; path = ReadValue.h; sourceTree = "<group>"; };
		4EF9EF741A9DA8770074D0D9 /* ReadValue.m */ = {isa = PBXFileReference; fileEncoding = 4; lastKnownFileType = sourcecode.c.objc; path = ReadValue.m; sourceTree = "<group>"; };
		4EF9EF751A9DA8770074D0D9 /* ReflectHeader.h */ = {isa = PBXFileReference; fileEncoding = 4; lastKnownFileType = sourcecode.c.h; path = ReflectHeader.h; sourceTree = "<group>"; };
		4EF9EF761A9DA8770074D0D9 /* Reflection.h */ = {isa = PBXFileReference; fileEncoding = 4; lastKnownFileType = sourcecode.c.h; path = Reflection.h; sourceTree = "<group>"; };
		4EF9EF771A9DA8770074D0D9 /* Reflection.m */ = {isa = PBXFileReference; fileEncoding = 4; lastKnownFileType = sourcecode.c.objc; path = Reflection.m; sourceTree = "<group>"; };
		4EF9EF781A9DA8770074D0D9 /* ReflectionDefine.h */ = {isa = PBXFileReference; fileEncoding = 4; lastKnownFileType = sourcecode.c.h; path = ReflectionDefine.h; sourceTree = "<group>"; };
		4EF9EF791A9DA8770074D0D9 /* ReflectionException.h */ = {isa = PBXFileReference; fileEncoding = 4; lastKnownFileType = sourcecode.c.h; path = ReflectionException.h; sourceTree = "<group>"; };
		4EF9EF7A1A9DA8770074D0D9 /* ReflectionException.m */ = {isa = PBXFileReference; fileEncoding = 4; lastKnownFileType = sourcecode.c.objc; path = ReflectionException.m; sourceTree = "<group>"; };
		4EF9EF7B1A9DA8770074D0D9 /* ReflectionKeyValue.h */ = {isa = PBXFileReference; fileEncoding = 4; lastKnownFileType = sourcecode.c.h; path = ReflectionKeyValue.h; sourceTree = "<group>"; };
		4EF9EF7C1A9DA8770074D0D9 /* ReflectionProperty.h */ = {isa = PBXFileReference; fileEncoding = 4; lastKnownFileType = sourcecode.c.h; path = ReflectionProperty.h; sourceTree = "<group>"; };
		4EF9EF7D1A9DA8770074D0D9 /* ReflectionProperty.m */ = {isa = PBXFileReference; fileEncoding = 4; lastKnownFileType = sourcecode.c.objc; path = ReflectionProperty.m; sourceTree = "<group>"; };
		4EF9EF8E1A9DA90D0074D0D9 /* MLXCRestaurant.h */ = {isa = PBXFileReference; fileEncoding = 4; lastKnownFileType = sourcecode.c.h; path = MLXCRestaurant.h; sourceTree = "<group>"; };
		4EF9EF8F1A9DA90D0074D0D9 /* MLXCRestaurant.m */ = {isa = PBXFileReference; fileEncoding = 4; lastKnownFileType = sourcecode.c.objc; path = MLXCRestaurant.m; sourceTree = "<group>"; };
		4EF9EF911A9DA9ED0074D0D9 /* MLXCRestaurantManager.h */ = {isa = PBXFileReference; fileEncoding = 4; lastKnownFileType = sourcecode.c.h; path = MLXCRestaurantManager.h; sourceTree = "<group>"; };
		4EF9EF921A9DA9ED0074D0D9 /* MLXCRestaurantManager.m */ = {isa = PBXFileReference; fileEncoding = 4; lastKnownFileType = sourcecode.c.objc; path = MLXCRestaurantManager.m; sourceTree = "<group>"; };
		4EF9EF941A9DAA770074D0D9 /* MLXCRestaurantInput.h */ = {isa = PBXFileReference; fileEncoding = 4; lastKnownFileType = sourcecode.c.h; path = MLXCRestaurantInput.h; sourceTree = "<group>"; };
		4EF9EF951A9DAA770074D0D9 /* MLXCRestaurantInput.m */ = {isa = PBXFileReference; fileEncoding = 4; lastKnownFileType = sourcecode.c.objc; path = MLXCRestaurantInput.m; sourceTree = "<group>"; };
		4EF9EF971A9DB2410074D0D9 /* MLXCRestaurantController.h */ = {isa = PBXFileReference; fileEncoding = 4; lastKnownFileType = sourcecode.c.h; path = MLXCRestaurantController.h; sourceTree = "<group>"; };
		4EF9EF981A9DB2410074D0D9 /* MLXCRestaurantController.m */ = {isa = PBXFileReference; fileEncoding = 4; lastKnownFileType = sourcecode.c.objc; path = MLXCRestaurantController.m; sourceTree = "<group>"; };
		4EF9EFA21A9DB3E80074D0D9 /* Main.storyboard */ = {isa = PBXFileReference; fileEncoding = 4; lastKnownFileType = file.storyboard; path = Main.storyboard; sourceTree = "<group>"; };
		4EF9EFA61A9DB4200074D0D9 /* MLXCMainViewController.h */ = {isa = PBXFileReference; fileEncoding = 4; lastKnownFileType = sourcecode.c.h; path = MLXCMainViewController.h; sourceTree = "<group>"; };
		4EF9EFA71A9DB4200074D0D9 /* MLXCMainViewController.m */ = {isa = PBXFileReference; fileEncoding = 4; lastKnownFileType = sourcecode.c.objc; path = MLXCMainViewController.m; sourceTree = "<group>"; };
		4EF9EFA91A9DB6C30074D0D9 /* MLXCMainCell.h */ = {isa = PBXFileReference; fileEncoding = 4; lastKnownFileType = sourcecode.c.h; path = MLXCMainCell.h; sourceTree = "<group>"; };
		4EF9EFAA1A9DB6C30074D0D9 /* MLXCMainCell.m */ = {isa = PBXFileReference; fileEncoding = 4; lastKnownFileType = sourcecode.c.objc; path = MLXCMainCell.m; sourceTree = "<group>"; };
		4EF9EFAE1A9DBC7F0074D0D9 /* AFHTTPRequestOperation.h */ = {isa = PBXFileReference; fileEncoding = 4; lastKnownFileType = sourcecode.c.h; path = AFHTTPRequestOperation.h; sourceTree = "<group>"; };
		4EF9EFAF1A9DBC7F0074D0D9 /* AFHTTPRequestOperation.m */ = {isa = PBXFileReference; fileEncoding = 4; lastKnownFileType = sourcecode.c.objc; path = AFHTTPRequestOperation.m; sourceTree = "<group>"; };
		4EF9EFB01A9DBC7F0074D0D9 /* AFHTTPRequestOperationManager.h */ = {isa = PBXFileReference; fileEncoding = 4; lastKnownFileType = sourcecode.c.h; path = AFHTTPRequestOperationManager.h; sourceTree = "<group>"; };
		4EF9EFB11A9DBC7F0074D0D9 /* AFHTTPRequestOperationManager.m */ = {isa = PBXFileReference; fileEncoding = 4; lastKnownFileType = sourcecode.c.objc; path = AFHTTPRequestOperationManager.m; sourceTree = "<group>"; };
		4EF9EFB21A9DBC7F0074D0D9 /* AFHTTPSessionManager.h */ = {isa = PBXFileReference; fileEncoding = 4; lastKnownFileType = sourcecode.c.h; path = AFHTTPSessionManager.h; sourceTree = "<group>"; };
		4EF9EFB31A9DBC7F0074D0D9 /* AFHTTPSessionManager.m */ = {isa = PBXFileReference; fileEncoding = 4; lastKnownFileType = sourcecode.c.objc; path = AFHTTPSessionManager.m; sourceTree = "<group>"; };
		4EF9EFB41A9DBC7F0074D0D9 /* AFNetworking.h */ = {isa = PBXFileReference; fileEncoding = 4; lastKnownFileType = sourcecode.c.h; path = AFNetworking.h; sourceTree = "<group>"; };
		4EF9EFB51A9DBC7F0074D0D9 /* AFNetworkReachabilityManager.h */ = {isa = PBXFileReference; fileEncoding = 4; lastKnownFileType = sourcecode.c.h; path = AFNetworkReachabilityManager.h; sourceTree = "<group>"; };
		4EF9EFB61A9DBC7F0074D0D9 /* AFNetworkReachabilityManager.m */ = {isa = PBXFileReference; fileEncoding = 4; lastKnownFileType = sourcecode.c.objc; path = AFNetworkReachabilityManager.m; sourceTree = "<group>"; };
		4EF9EFB71A9DBC7F0074D0D9 /* AFSecurityPolicy.h */ = {isa = PBXFileReference; fileEncoding = 4; lastKnownFileType = sourcecode.c.h; path = AFSecurityPolicy.h; sourceTree = "<group>"; };
		4EF9EFB81A9DBC7F0074D0D9 /* AFSecurityPolicy.m */ = {isa = PBXFileReference; fileEncoding = 4; lastKnownFileType = sourcecode.c.objc; path = AFSecurityPolicy.m; sourceTree = "<group>"; };
		4EF9EFB91A9DBC7F0074D0D9 /* AFURLConnectionOperation.h */ = {isa = PBXFileReference; fileEncoding = 4; lastKnownFileType = sourcecode.c.h; path = AFURLConnectionOperation.h; sourceTree = "<group>"; };
		4EF9EFBA1A9DBC7F0074D0D9 /* AFURLConnectionOperation.m */ = {isa = PBXFileReference; fileEncoding = 4; lastKnownFileType = sourcecode.c.objc; path = AFURLConnectionOperation.m; sourceTree = "<group>"; };
		4EF9EFBB1A9DBC7F0074D0D9 /* AFURLRequestSerialization.h */ = {isa = PBXFileReference; fileEncoding = 4; lastKnownFileType = sourcecode.c.h; path = AFURLRequestSerialization.h; sourceTree = "<group>"; };
		4EF9EFBC1A9DBC7F0074D0D9 /* AFURLRequestSerialization.m */ = {isa = PBXFileReference; fileEncoding = 4; lastKnownFileType = sourcecode.c.objc; path = AFURLRequestSerialization.m; sourceTree = "<group>"; };
		4EF9EFBD1A9DBC7F0074D0D9 /* AFURLResponseSerialization.h */ = {isa = PBXFileReference; fileEncoding = 4; lastKnownFileType = sourcecode.c.h; path = AFURLResponseSerialization.h; sourceTree = "<group>"; };
		4EF9EFBE1A9DBC7F0074D0D9 /* AFURLResponseSerialization.m */ = {isa = PBXFileReference; fileEncoding = 4; lastKnownFileType = sourcecode.c.objc; path = AFURLResponseSerialization.m; sourceTree = "<group>"; };
		4EF9EFBF1A9DBC7F0074D0D9 /* AFURLSessionManager.h */ = {isa = PBXFileReference; fileEncoding = 4; lastKnownFileType = sourcecode.c.h; path = AFURLSessionManager.h; sourceTree = "<group>"; };
		4EF9EFC01A9DBC7F0074D0D9 /* AFURLSessionManager.m */ = {isa = PBXFileReference; fileEncoding = 4; lastKnownFileType = sourcecode.c.objc; path = AFURLSessionManager.m; sourceTree = "<group>"; };
		4EF9EFC21A9DBC7F0074D0D9 /* AFNetworkActivityIndicatorManager.h */ = {isa = PBXFileReference; fileEncoding = 4; lastKnownFileType = sourcecode.c.h; path = AFNetworkActivityIndicatorManager.h; sourceTree = "<group>"; };
		4EF9EFC31A9DBC7F0074D0D9 /* AFNetworkActivityIndicatorManager.m */ = {isa = PBXFileReference; fileEncoding = 4; lastKnownFileType = sourcecode.c.objc; path = AFNetworkActivityIndicatorManager.m; sourceTree = "<group>"; };
		4EF9EFC41A9DBC7F0074D0D9 /* UIActivityIndicatorView+AFNetworking.h */ = {isa = PBXFileReference; fileEncoding = 4; lastKnownFileType = sourcecode.c.h; path = "UIActivityIndicatorView+AFNetworking.h"; sourceTree = "<group>"; };
		4EF9EFC51A9DBC7F0074D0D9 /* UIActivityIndicatorView+AFNetworking.m */ = {isa = PBXFileReference; fileEncoding = 4; lastKnownFileType = sourcecode.c.objc; path = "UIActivityIndicatorView+AFNetworking.m"; sourceTree = "<group>"; };
		4EF9EFC61A9DBC7F0074D0D9 /* UIAlertView+AFNetworking.h */ = {isa = PBXFileReference; fileEncoding = 4; lastKnownFileType = sourcecode.c.h; path = "UIAlertView+AFNetworking.h"; sourceTree = "<group>"; };
		4EF9EFC71A9DBC7F0074D0D9 /* UIAlertView+AFNetworking.m */ = {isa = PBXFileReference; fileEncoding = 4; lastKnownFileType = sourcecode.c.objc; path = "UIAlertView+AFNetworking.m"; sourceTree = "<group>"; };
		4EF9EFC81A9DBC7F0074D0D9 /* UIButton+AFNetworking.h */ = {isa = PBXFileReference; fileEncoding = 4; lastKnownFileType = sourcecode.c.h; path = "UIButton+AFNetworking.h"; sourceTree = "<group>"; };
		4EF9EFC91A9DBC7F0074D0D9 /* UIButton+AFNetworking.m */ = {isa = PBXFileReference; fileEncoding = 4; lastKnownFileType = sourcecode.c.objc; path = "UIButton+AFNetworking.m"; sourceTree = "<group>"; };
		4EF9EFCA1A9DBC7F0074D0D9 /* UIImageView+AFNetworking.h */ = {isa = PBXFileReference; fileEncoding = 4; lastKnownFileType = sourcecode.c.h; path = "UIImageView+AFNetworking.h"; sourceTree = "<group>"; };
		4EF9EFCB1A9DBC7F0074D0D9 /* UIImageView+AFNetworking.m */ = {isa = PBXFileReference; fileEncoding = 4; lastKnownFileType = sourcecode.c.objc; path = "UIImageView+AFNetworking.m"; sourceTree = "<group>"; };
		4EF9EFCC1A9DBC7F0074D0D9 /* UIKit+AFNetworking.h */ = {isa = PBXFileReference; fileEncoding = 4; lastKnownFileType = sourcecode.c.h; path = "UIKit+AFNetworking.h"; sourceTree = "<group>"; };
		4EF9EFCD1A9DBC7F0074D0D9 /* UIProgressView+AFNetworking.h */ = {isa = PBXFileReference; fileEncoding = 4; lastKnownFileType = sourcecode.c.h; path = "UIProgressView+AFNetworking.h"; sourceTree = "<group>"; };
		4EF9EFCE1A9DBC7F0074D0D9 /* UIProgressView+AFNetworking.m */ = {isa = PBXFileReference; fileEncoding = 4; lastKnownFileType = sourcecode.c.objc; path = "UIProgressView+AFNetworking.m"; sourceTree = "<group>"; };
		4EF9EFCF1A9DBC7F0074D0D9 /* UIRefreshControl+AFNetworking.h */ = {isa = PBXFileReference; fileEncoding = 4; lastKnownFileType = sourcecode.c.h; path = "UIRefreshControl+AFNetworking.h"; sourceTree = "<group>"; };
		4EF9EFD01A9DBC7F0074D0D9 /* UIRefreshControl+AFNetworking.m */ = {isa = PBXFileReference; fileEncoding = 4; lastKnownFileType = sourcecode.c.objc; path = "UIRefreshControl+AFNetworking.m"; sourceTree = "<group>"; };
		4EF9EFD11A9DBC7F0074D0D9 /* UIWebView+AFNetworking.h */ = {isa = PBXFileReference; fileEncoding = 4; lastKnownFileType = sourcecode.c.h; path = "UIWebView+AFNetworking.h"; sourceTree = "<group>"; };
		4EF9EFD21A9DBC7F0074D0D9 /* UIWebView+AFNetworking.m */ = {isa = PBXFileReference; fileEncoding = 4; lastKnownFileType = sourcecode.c.objc; path = "UIWebView+AFNetworking.m"; sourceTree = "<group>"; };
		4EF9EFE41A9DBCA50074D0D9 /* Foundation.framework */ = {isa = PBXFileReference; lastKnownFileType = wrapper.framework; name = Foundation.framework; path = System/Library/Frameworks/Foundation.framework; sourceTree = SDKROOT; };
		4EF9EFE61A9DBCAF0074D0D9 /* CFNetwork.framework */ = {isa = PBXFileReference; lastKnownFileType = wrapper.framework; name = CFNetwork.framework; path = System/Library/Frameworks/CFNetwork.framework; sourceTree = SDKROOT; };
		4EF9EFE81A9DBCB50074D0D9 /* MobileCoreServices.framework */ = {isa = PBXFileReference; lastKnownFileType = wrapper.framework; name = MobileCoreServices.framework; path = System/Library/Frameworks/MobileCoreServices.framework; sourceTree = SDKROOT; };
		4EF9EFEA1A9DBCBE0074D0D9 /* SystemConfiguration.framework */ = {isa = PBXFileReference; lastKnownFileType = wrapper.framework; name = SystemConfiguration.framework; path = System/Library/Frameworks/SystemConfiguration.framework; sourceTree = SDKROOT; };
		4EF9EFEC1A9DBCC50074D0D9 /* CoreGraphics.framework */ = {isa = PBXFileReference; lastKnownFileType = wrapper.framework; name = CoreGraphics.framework; path = System/Library/Frameworks/CoreGraphics.framework; sourceTree = SDKROOT; };
		4EF9EFEE1A9DBCCC0074D0D9 /* UIKit.framework */ = {isa = PBXFileReference; lastKnownFileType = wrapper.framework; name = UIKit.framework; path = System/Library/Frameworks/UIKit.framework; sourceTree = SDKROOT; };
		4EF9EFF01A9DBCD30074D0D9 /* Security.framework */ = {isa = PBXFileReference; lastKnownFileType = wrapper.framework; name = Security.framework; path = System/Library/Frameworks/Security.framework; sourceTree = SDKROOT; };
		4EF9F01E1A9DBD7A0074D0D9 /* MLXCRestaurantListViewController.h */ = {isa = PBXFileReference; fileEncoding = 4; lastKnownFileType = sourcecode.c.h; path = MLXCRestaurantListViewController.h; sourceTree = "<group>"; };
		4EF9F01F1A9DBD7A0074D0D9 /* MLXCRestaurantListViewController.m */ = {isa = PBXFileReference; fileEncoding = 4; lastKnownFileType = sourcecode.c.objc; path = MLXCRestaurantListViewController.m; sourceTree = "<group>"; };
		4EF9F0211A9DBD970074D0D9 /* MLXCRestaurantListCell.h */ = {isa = PBXFileReference; fileEncoding = 4; lastKnownFileType = sourcecode.c.h; path = MLXCRestaurantListCell.h; sourceTree = "<group>"; };
		4EF9F0221A9DBD970074D0D9 /* MLXCRestaurantListCell.m */ = {isa = PBXFileReference; fileEncoding = 4; lastKnownFileType = sourcecode.c.objc; path = MLXCRestaurantListCell.m; sourceTree = "<group>"; };
		4EF9F0271A9DCF9E0074D0D9 /* Back.xib */ = {isa = PBXFileReference; fileEncoding = 4; lastKnownFileType = file.xib; path = Back.xib; sourceTree = "<group>"; };
		4EF9F02B1A9DD16F0074D0D9 /* UIViewController+Bar.h */ = {isa = PBXFileReference; fileEncoding = 4; lastKnownFileType = sourcecode.c.h; path = "UIViewController+Bar.h"; sourceTree = "<group>"; };
		4EF9F02C1A9DD16F0074D0D9 /* UIViewController+Bar.m */ = {isa = PBXFileReference; fileEncoding = 4; lastKnownFileType = sourcecode.c.objc; path = "UIViewController+Bar.m"; sourceTree = "<group>"; };
		4EF9F02F1A9DD1BA0074D0D9 /* back@2x.png */ = {isa = PBXFileReference; lastKnownFileType = image.png; path = "back@2x.png"; sourceTree = "<group>"; };
		4EF9F0391A9EBD130074D0D9 /* hasinvoice_normal@2x.png */ = {isa = PBXFileReference; lastKnownFileType = image.png; path = "hasinvoice_normal@2x.png"; sourceTree = "<group>"; };
		4EF9F03A1A9EBD130074D0D9 /* hasinvoice_selected@2x.png */ = {isa = PBXFileReference; lastKnownFileType = image.png; path = "hasinvoice_selected@2x.png"; sourceTree = "<group>"; };
		4EF9F03D1A9EBF190074D0D9 /* tipIcon_down@2x.png */ = {isa = PBXFileReference; lastKnownFileType = image.png; path = "tipIcon_down@2x.png"; sourceTree = "<group>"; };
		4EF9F03E1A9EBF190074D0D9 /* tipIcon_up@2x.png */ = {isa = PBXFileReference; lastKnownFileType = image.png; path = "tipIcon_up@2x.png"; sourceTree = "<group>"; };
		4EF9F0441A9EC3F40074D0D9 /* MLXCRestaurantFoodList.h */ = {isa = PBXFileReference; fileEncoding = 4; lastKnownFileType = sourcecode.c.h; path = MLXCRestaurantFoodList.h; sourceTree = "<group>"; };
		4EF9F0451A9EC3F40074D0D9 /* MLXCRestaurantFoodList.m */ = {isa = PBXFileReference; fileEncoding = 4; lastKnownFileType = sourcecode.c.objc; path = MLXCRestaurantFoodList.m; sourceTree = "<group>"; };
		4EF9F0471A9EC40B0074D0D9 /* MLXCRestaurantFood.h */ = {isa = PBXFileReference; fileEncoding = 4; lastKnownFileType = sourcecode.c.h; path = MLXCRestaurantFood.h; sourceTree = "<group>"; };
		4EF9F0481A9EC40B0074D0D9 /* MLXCRestaurantFood.m */ = {isa = PBXFileReference; fileEncoding = 4; lastKnownFileType = sourcecode.c.objc; path = MLXCRestaurantFood.m; sourceTree = "<group>"; };
		4EF9F04A1A9ECB850074D0D9 /* MLXCRestaurantFoodListViewController.h */ = {isa = PBXFileReference; fileEncoding = 4; lastKnownFileType = sourcecode.c.h; path = MLXCRestaurantFoodListViewController.h; sourceTree = "<group>"; };
		4EF9F04B1A9ECB850074D0D9 /* MLXCRestaurantFoodListViewController.m */ = {isa = PBXFileReference; fileEncoding = 4; lastKnownFileType = sourcecode.c.objc; path = MLXCRestaurantFoodListViewController.m; sourceTree = "<group>"; };
		4EF9F04D1A9ECC830074D0D9 /* MLXCBaseViewController.h */ = {isa = PBXFileReference; fileEncoding = 4; lastKnownFileType = sourcecode.c.h; path = MLXCBaseViewController.h; sourceTree = "<group>"; };
		4EF9F04E1A9ECC830074D0D9 /* MLXCBaseViewController.m */ = {isa = PBXFileReference; fileEncoding = 4; lastKnownFileType = sourcecode.c.objc; path = MLXCBaseViewController.m; sourceTree = "<group>"; };
		4EF9F0591A9F0A710074D0D9 /* MLXCFoodListCell.h */ = {isa = PBXFileReference; fileEncoding = 4; lastKnownFileType = sourcecode.c.h; path = MLXCFoodListCell.h; sourceTree = "<group>"; };
		4EF9F05A1A9F0A710074D0D9 /* MLXCFoodListCell.m */ = {isa = PBXFileReference; fileEncoding = 4; lastKnownFileType = sourcecode.c.objc; path = MLXCFoodListCell.m; sourceTree = "<group>"; };
		4EF9F05C1A9F171D0074D0D9 /* MLXCFoodListImagesCell.h */ = {isa = PBXFileReference; fileEncoding = 4; lastKnownFileType = sourcecode.c.h; path = MLXCFoodListImagesCell.h; sourceTree = "<group>"; };
		4EF9F05D1A9F171D0074D0D9 /* MLXCFoodListImagesCell.m */ = {isa = PBXFileReference; fileEncoding = 4; lastKnownFileType = sourcecode.c.objc; path = MLXCFoodListImagesCell.m; sourceTree = "<group>"; };
		4EF9F0611A9F1DCF0074D0D9 /* NSData+ImageContentType.h */ = {isa = PBXFileReference; fileEncoding = 4; lastKnownFileType = sourcecode.c.h; path = "NSData+ImageContentType.h"; sourceTree = "<group>"; };
		4EF9F0621A9F1DCF0074D0D9 /* NSData+ImageContentType.m */ = {isa = PBXFileReference; fileEncoding = 4; lastKnownFileType = sourcecode.c.objc; path = "NSData+ImageContentType.m"; sourceTree = "<group>"; };
		4EF9F0631A9F1DCF0074D0D9 /* SDImageCache.h */ = {isa = PBXFileReference; fileEncoding = 4; lastKnownFileType = sourcecode.c.h; path = SDImageCache.h; sourceTree = "<group>"; };
		4EF9F0641A9F1DCF0074D0D9 /* SDImageCache.m */ = {isa = PBXFileReference; fileEncoding = 4; lastKnownFileType = sourcecode.c.objc; path = SDImageCache.m; sourceTree = "<group>"; };
		4EF9F0651A9F1DCF0074D0D9 /* SDWebImageCompat.h */ = {isa = PBXFileReference; fileEncoding = 4; lastKnownFileType = sourcecode.c.h; path = SDWebImageCompat.h; sourceTree = "<group>"; };
		4EF9F0661A9F1DCF0074D0D9 /* SDWebImageCompat.m */ = {isa = PBXFileReference; fileEncoding = 4; lastKnownFileType = sourcecode.c.objc; path = SDWebImageCompat.m; sourceTree = "<group>"; };
		4EF9F0671A9F1DCF0074D0D9 /* SDWebImageDecoder.h */ = {isa = PBXFileReference; fileEncoding = 4; lastKnownFileType = sourcecode.c.h; path = SDWebImageDecoder.h; sourceTree = "<group>"; };
		4EF9F0681A9F1DCF0074D0D9 /* SDWebImageDecoder.m */ = {isa = PBXFileReference; fileEncoding = 4; lastKnownFileType = sourcecode.c.objc; path = SDWebImageDecoder.m; sourceTree = "<group>"; };
		4EF9F0691A9F1DCF0074D0D9 /* SDWebImageDownloader.h */ = {isa = PBXFileReference; fileEncoding = 4; lastKnownFileType = sourcecode.c.h; path = SDWebImageDownloader.h; sourceTree = "<group>"; };
		4EF9F06A1A9F1DCF0074D0D9 /* SDWebImageDownloader.m */ = {isa = PBXFileReference; fileEncoding = 4; lastKnownFileType = sourcecode.c.objc; path = SDWebImageDownloader.m; sourceTree = "<group>"; };
		4EF9F06B1A9F1DCF0074D0D9 /* SDWebImageDownloaderOperation.h */ = {isa = PBXFileReference; fileEncoding = 4; lastKnownFileType = sourcecode.c.h; path = SDWebImageDownloaderOperation.h; sourceTree = "<group>"; };
		4EF9F06C1A9F1DCF0074D0D9 /* SDWebImageDownloaderOperation.m */ = {isa = PBXFileReference; fileEncoding = 4; lastKnownFileType = sourcecode.c.objc; path = SDWebImageDownloaderOperation.m; sourceTree = "<group>"; };
		4EF9F06D1A9F1DCF0074D0D9 /* SDWebImageManager.h */ = {isa = PBXFileReference; fileEncoding = 4; lastKnownFileType = sourcecode.c.h; path = SDWebImageManager.h; sourceTree = "<group>"; };
		4EF9F06E1A9F1DCF0074D0D9 /* SDWebImageManager.m */ = {isa = PBXFileReference; fileEncoding = 4; lastKnownFileType = sourcecode.c.objc; path = SDWebImageManager.m; sourceTree = "<group>"; };
		4EF9F06F1A9F1DCF0074D0D9 /* SDWebImageOperation.h */ = {isa = PBXFileReference; fileEncoding = 4; lastKnownFileType = sourcecode.c.h; path = SDWebImageOperation.h; sourceTree = "<group>"; };
		4EF9F0701A9F1DCF0074D0D9 /* SDWebImagePrefetcher.h */ = {isa = PBXFileReference; fileEncoding = 4; lastKnownFileType = sourcecode.c.h; path = SDWebImagePrefetcher.h; sourceTree = "<group>"; };
		4EF9F0711A9F1DCF0074D0D9 /* SDWebImagePrefetcher.m */ = {isa = PBXFileReference; fileEncoding = 4; lastKnownFileType = sourcecode.c.objc; path = SDWebImagePrefetcher.m; sourceTree = "<group>"; };
		4EF9F0721A9F1DCF0074D0D9 /* UIButton+WebCache.h */ = {isa = PBXFileReference; fileEncoding = 4; lastKnownFileType = sourcecode.c.h; path = "UIButton+WebCache.h"; sourceTree = "<group>"; };
		4EF9F0731A9F1DCF0074D0D9 /* UIButton+WebCache.m */ = {isa = PBXFileReference; fileEncoding = 4; lastKnownFileType = sourcecode.c.objc; path = "UIButton+WebCache.m"; sourceTree = "<group>"; };
		4EF9F0741A9F1DCF0074D0D9 /* UIImage+GIF.h */ = {isa = PBXFileReference; fileEncoding = 4; lastKnownFileType = sourcecode.c.h; path = "UIImage+GIF.h"; sourceTree = "<group>"; };
		4EF9F0751A9F1DCF0074D0D9 /* UIImage+GIF.m */ = {isa = PBXFileReference; fileEncoding = 4; lastKnownFileType = sourcecode.c.objc; path = "UIImage+GIF.m"; sourceTree = "<group>"; };
		4EF9F0761A9F1DCF0074D0D9 /* UIImage+MultiFormat.h */ = {isa = PBXFileReference; fileEncoding = 4; lastKnownFileType = sourcecode.c.h; path = "UIImage+MultiFormat.h"; sourceTree = "<group>"; };
		4EF9F0771A9F1DCF0074D0D9 /* UIImage+MultiFormat.m */ = {isa = PBXFileReference; fileEncoding = 4; lastKnownFileType = sourcecode.c.objc; path = "UIImage+MultiFormat.m"; sourceTree = "<group>"; };
		4EF9F0781A9F1DCF0074D0D9 /* UIImageView+HighlightedWebCache.h */ = {isa = PBXFileReference; fileEncoding = 4; lastKnownFileType = sourcecode.c.h; path = "UIImageView+HighlightedWebCache.h"; sourceTree = "<group>"; };
		4EF9F0791A9F1DCF0074D0D9 /* UIImageView+HighlightedWebCache.m */ = {isa = PBXFileReference; fileEncoding = 4; lastKnownFileType = sourcecode.c.objc; path = "UIImageView+HighlightedWebCache.m"; sourceTree = "<group>"; };
		4EF9F07A1A9F1DCF0074D0D9 /* UIImageView+WebCache.h */ = {isa = PBXFileReference; fileEncoding = 4; lastKnownFileType = sourcecode.c.h; path = "UIImageView+WebCache.h"; sourceTree = "<group>"; };
		4EF9F07B1A9F1DCF0074D0D9 /* UIImageView+WebCache.m */ = {isa = PBXFileReference; fileEncoding = 4; lastKnownFileType = sourcecode.c.objc; path = "UIImageView+WebCache.m"; sourceTree = "<group>"; };
		4EF9F07C1A9F1DD00074D0D9 /* UIView+WebCacheOperation.h */ = {isa = PBXFileReference; fileEncoding = 4; lastKnownFileType = sourcecode.c.h; path = "UIView+WebCacheOperation.h"; sourceTree = "<group>"; };
		4EF9F07D1A9F1DD00074D0D9 /* UIView+WebCacheOperation.m */ = {isa = PBXFileReference; fileEncoding = 4; lastKnownFileType = sourcecode.c.objc; path = "UIView+WebCacheOperation.m"; sourceTree = "<group>"; };
		4EF9F08C1A9F202A0074D0D9 /* UIImageView+MLXCImageView.h */ = {isa = PBXFileReference; fileEncoding = 4; lastKnownFileType = sourcecode.c.h; path = "UIImageView+MLXCImageView.h"; sourceTree = "<group>"; };
		4EF9F08D1A9F202A0074D0D9 /* UIImageView+MLXCImageView.m */ = {isa = PBXFileReference; fileEncoding = 4; lastKnownFileType = sourcecode.c.objc; path = "UIImageView+MLXCImageView.m"; sourceTree = "<group>"; };
		4EF9F0901A9F216D0074D0D9 /* MLXCDefaultUI.h */ = {isa = PBXFileReference; fileEncoding = 4; lastKnownFileType = sourcecode.c.h; path = MLXCDefaultUI.h; sourceTree = "<group>"; };
/* End PBXFileReference section */

/* Begin PBXFrameworksBuildPhase section */
		4EF9EE8C1A9D66E20074D0D9 /* Frameworks */ = {
			isa = PBXFrameworksBuildPhase;
			buildActionMask = 2147483647;
			files = (
				4EF9EFF11A9DBCD30074D0D9 /* Security.framework in Frameworks */,
				4EF9EFEF1A9DBCCC0074D0D9 /* UIKit.framework in Frameworks */,
				4EF9EFED1A9DBCC50074D0D9 /* CoreGraphics.framework in Frameworks */,
				4EF9EFEB1A9DBCBE0074D0D9 /* SystemConfiguration.framework in Frameworks */,
				4EF9EFE91A9DBCB50074D0D9 /* MobileCoreServices.framework in Frameworks */,
				4EF9EFE71A9DBCAF0074D0D9 /* CFNetwork.framework in Frameworks */,
				4EF9EFE51A9DBCA60074D0D9 /* Foundation.framework in Frameworks */,
			);
			runOnlyForDeploymentPostprocessing = 0;
		};
		4EF9EEA81A9D66E20074D0D9 /* Frameworks */ = {
			isa = PBXFrameworksBuildPhase;
			buildActionMask = 2147483647;
			files = (
			);
			runOnlyForDeploymentPostprocessing = 0;
		};
/* End PBXFrameworksBuildPhase section */

/* Begin PBXGroup section */
		4EF9EE861A9D66E20074D0D9 = {
			isa = PBXGroup;
			children = (
				4EF9EE911A9D66E20074D0D9 /* MLXC */,
				4EF9EEAE1A9D66E20074D0D9 /* MLXCTests */,
				4EF9EE901A9D66E20074D0D9 /* Products */,
			);
			sourceTree = "<group>";
		};
		4EF9EE901A9D66E20074D0D9 /* Products */ = {
			isa = PBXGroup;
			children = (
				4EF9EE8F1A9D66E20074D0D9 /* MLXC.app */,
				4EF9EEAB1A9D66E20074D0D9 /* MLXCTests.xctest */,
			);
			name = Products;
			sourceTree = "<group>";
		};
		4EF9EE911A9D66E20074D0D9 /* MLXC */ = {
			isa = PBXGroup;
			children = (
				4EF9F08F1A9F20B80074D0D9 /* MLXCBaseUI */,
				4EF9F01B1A9DBD010074D0D9 /* Frameworks */,
				4EF9EF001A9D9E770074D0D9 /* Resource */,
				4EF9EEF41A9D80470074D0D9 /* Defination */,
				4EF9EEF51A9D80470074D0D9 /* Functions */,
				4EF9EEF61A9D80470074D0D9 /* Utilities */,
				4EF9EE961A9D66E20074D0D9 /* AppDelegate.h */,
				4EF9EE971A9D66E20074D0D9 /* AppDelegate.m */,
				4EF9EEA21A9D66E20074D0D9 /* Images.xcassets */,
				4EF9EEA41A9D66E20074D0D9 /* LaunchScreen.xib */,
				4EF9EE921A9D66E20074D0D9 /* Supporting Files */,
			);
			path = MLXC;
			sourceTree = "<group>";
		};
		4EF9EE921A9D66E20074D0D9 /* Supporting Files */ = {
			isa = PBXGroup;
			children = (
				4EF9EE931A9D66E20074D0D9 /* Info.plist */,
				4EF9EE941A9D66E20074D0D9 /* main.m */,
				4EF9EF431A9DA31E0074D0D9 /* MLXC.pch */,
			);
			name = "Supporting Files";
			sourceTree = "<group>";
		};
		4EF9EEAE1A9D66E20074D0D9 /* MLXCTests */ = {
			isa = PBXGroup;
			children = (
				4EF9EEB11A9D66E20074D0D9 /* MLXCTests.m */,
				4EF9EEAF1A9D66E20074D0D9 /* Supporting Files */,
			);
			path = MLXCTests;
			sourceTree = "<group>";
		};
		4EF9EEAF1A9D66E20074D0D9 /* Supporting Files */ = {
			isa = PBXGroup;
			children = (
				4EF9EEB01A9D66E20074D0D9 /* Info.plist */,
			);
			name = "Supporting Files";
			sourceTree = "<group>";
		};
		4EF9EEF41A9D80470074D0D9 /* Defination */ = {
			isa = PBXGroup;
			children = (
				4EF9EEF71A9D80680074D0D9 /* SummerDefine.h */,
			);
			path = Defination;
			sourceTree = "<group>";
		};
		4EF9EEF51A9D80470074D0D9 /* Functions */ = {
			isa = PBXGroup;
			children = (
				4EF9EF9A1A9DB3470074D0D9 /* Main */,
				4EF9EEF81A9D9DB20074D0D9 /* Restaurant */,
			);
			path = Functions;
			sourceTree = "<group>";
		};
		4EF9EEF61A9D80470074D0D9 /* Utilities */ = {
			isa = PBXGroup;
			children = (
				4EF9F0601A9F1DCF0074D0D9 /* SDWebImage */,
				4EF9F02A1A9DD16F0074D0D9 /* ViewCategory */,
				4EF9EFAC1A9DBC7F0074D0D9 /* AFNetWorking */,
				4EF9EF4B1A9DA8760074D0D9 /* NetConfigRequest */,
				4EF9EF701A9DA8770074D0D9 /* Reflect */,
			);
			path = Utilities;
			sourceTree = "<group>";
		};
		4EF9EEF81A9D9DB20074D0D9 /* Restaurant */ = {
			isa = PBXGroup;
			children = (
				4EF9EF441A9DA4F60074D0D9 /* RestaurantInput */,
				4EF9EF451A9DA4F60074D0D9 /* RestaurantManager */,
				4EF9EF461A9DA4F60074D0D9 /* RestaurantModel */,
				4EF9EEFD1A9D9E480074D0D9 /* RestaurantUI */,
			);
			path = Restaurant;
			sourceTree = "<group>";
		};
		4EF9EEFD1A9D9E480074D0D9 /* RestaurantUI */ = {
			isa = PBXGroup;
			children = (
				4EF9EEFE1A9D9E480074D0D9 /* RestaurantController */,
				4EF9EEFF1A9D9E480074D0D9 /* RestaurantView */,
			);
			path = RestaurantUI;
			sourceTree = "<group>";
		};
		4EF9EEFE1A9D9E480074D0D9 /* RestaurantController */ = {
			isa = PBXGroup;
			children = (
				4EF9EF971A9DB2410074D0D9 /* MLXCRestaurantController.h */,
				4EF9EF981A9DB2410074D0D9 /* MLXCRestaurantController.m */,
			);
			path = RestaurantController;
			sourceTree = "<group>";
		};
		4EF9EEFF1A9D9E480074D0D9 /* RestaurantView */ = {
			isa = PBXGroup;
			children = (
				4EF9F01C1A9DBD660074D0D9 /* UIView */,
				4EF9F01D1A9DBD660074D0D9 /* UIViewController */,
			);
			path = RestaurantView;
			sourceTree = "<group>";
		};
		4EF9EF001A9D9E770074D0D9 /* Resource */ = {
			isa = PBXGroup;
			children = (
				4EF9F0291A9DCFBD0074D0D9 /* Image */,
				4EF9F0241A9DCF060074D0D9 /* Xib */,
				4EF9EF011A9D9EA80074D0D9 /* Storyboard */,
			);
			path = Resource;
			sourceTree = "<group>";
		};
		4EF9EF011A9D9EA80074D0D9 /* Storyboard */ = {
			isa = PBXGroup;
			children = (
				4EF9EFA11A9DB3E80074D0D9 /* Main */,
				4EF9EF021A9D9EA80074D0D9 /* Restaurant */,
			);
			path = Storyboard;
			sourceTree = "<group>";
		};
		4EF9EF021A9D9EA80074D0D9 /* Restaurant */ = {
			isa = PBXGroup;
			children = (
				4EF9EF031A9D9EC10074D0D9 /* Restaurant.storyboard */,
			);
			path = Restaurant;
			sourceTree = "<group>";
		};
		4EF9EF441A9DA4F60074D0D9 /* RestaurantInput */ = {
			isa = PBXGroup;
			children = (
				4EF9EF941A9DAA770074D0D9 /* MLXCRestaurantInput.h */,
				4EF9EF951A9DAA770074D0D9 /* MLXCRestaurantInput.m */,
			);
			path = RestaurantInput;
			sourceTree = "<group>";
		};
		4EF9EF451A9DA4F60074D0D9 /* RestaurantManager */ = {
			isa = PBXGroup;
			children = (
				4EF9EF911A9DA9ED0074D0D9 /* MLXCRestaurantManager.h */,
				4EF9EF921A9DA9ED0074D0D9 /* MLXCRestaurantManager.m */,
			);
			path = RestaurantManager;
			sourceTree = "<group>";
		};
		4EF9EF461A9DA4F60074D0D9 /* RestaurantModel */ = {
			isa = PBXGroup;
			children = (
				4EF9EF471A9DA77A0074D0D9 /* MLXCRestaurantList.h */,
				4EF9EF481A9DA77A0074D0D9 /* MLXCRestaurantList.m */,
				4EF9EF8E1A9DA90D0074D0D9 /* MLXCRestaurant.h */,
				4EF9EF8F1A9DA90D0074D0D9 /* MLXCRestaurant.m */,
				4EF9F0441A9EC3F40074D0D9 /* MLXCRestaurantFoodList.h */,
				4EF9F0451A9EC3F40074D0D9 /* MLXCRestaurantFoodList.m */,
				4EF9F0471A9EC40B0074D0D9 /* MLXCRestaurantFood.h */,
				4EF9F0481A9EC40B0074D0D9 /* MLXCRestaurantFood.m */,
			);
			path = RestaurantModel;
			sourceTree = "<group>";
		};
		4EF9EF4B1A9DA8760074D0D9 /* NetConfigRequest */ = {
			isa = PBXGroup;
			children = (
				4EF9EF4C1A9DA8760074D0D9 /* ModelDataSource */,
				4EF9EF4F1A9DA8760074D0D9 /* NetConfig */,
				4EF9EF5B1A9DA8760074D0D9 /* NetConfigInput */,
				4EF9EF601A9DA8770074D0D9 /* NetConfigReflect */,
				4EF9EF631A9DA8770074D0D9 /* Request */,
				4EF9EF681A9DA8770074D0D9 /* RequestData */,
				4EF9EF6B1A9DA8770074D0D9 /* Sign */,
			);
			path = NetConfigRequest;
			sourceTree = "<group>";
		};
		4EF9EF4C1A9DA8760074D0D9 /* ModelDataSource */ = {
			isa = PBXGroup;
			children = (
				4EF9EF4D1A9DA8760074D0D9 /* NetConfigModelDefaultManager.h */,
				4EF9EF4E1A9DA8760074D0D9 /* NetConfigModelDefaultManager.m */,
			);
			path = ModelDataSource;
			sourceTree = "<group>";
		};
		4EF9EF4F1A9DA8760074D0D9 /* NetConfig */ = {
			isa = PBXGroup;
			children = (
				4EF9EF501A9DA8760074D0D9 /* NetConfigDefine.h */,
				4EF9EF511A9DA8760074D0D9 /* NetConfigInputProtocol.h */,
				4EF9EF521A9DA8760074D0D9 /* NetConfigManager.h */,
				4EF9EF531A9DA8760074D0D9 /* NetConfigManager.m */,
				4EF9EF541A9DA8760074D0D9 /* NetConfigModel.h */,
				4EF9EF551A9DA8760074D0D9 /* NetConfigModel.m */,
				4EF9EF561A9DA8760074D0D9 /* NetConfigModelProtocol.h */,
				4EF9EF571A9DA8760074D0D9 /* NetConfigReflectProtocol.h */,
				4EF9EF581A9DA8760074D0D9 /* NetConfigRequestDataProtocol.h */,
				4EF9EF591A9DA8760074D0D9 /* NetConfigRequestProtocol.h */,
				4EF9EF5A1A9DA8760074D0D9 /* NetConfigSignProtocol.h */,
			);
			path = NetConfig;
			sourceTree = "<group>";
		};
		4EF9EF5B1A9DA8760074D0D9 /* NetConfigInput */ = {
			isa = PBXGroup;
			children = (
				4EF9EF5C1A9DA8760074D0D9 /* NetConfigInput.h */,
				4EF9EF5D1A9DA8760074D0D9 /* NetConfigInput.m */,
				4EF9EF5E1A9DA8760074D0D9 /* WMNetConfigInput.h */,
				4EF9EF5F1A9DA8770074D0D9 /* WMNetConfigInput.m */,
			);
			path = NetConfigInput;
			sourceTree = "<group>";
		};
		4EF9EF601A9DA8770074D0D9 /* NetConfigReflect */ = {
			isa = PBXGroup;
			children = (
				4EF9EF611A9DA8770074D0D9 /* NetConfigDefaultReflect.h */,
				4EF9EF621A9DA8770074D0D9 /* NetConfigDefaultReflect.m */,
			);
			path = NetConfigReflect;
			sourceTree = "<group>";
		};
		4EF9EF631A9DA8770074D0D9 /* Request */ = {
			isa = PBXGroup;
			children = (
				4EF9EF641A9DA8770074D0D9 /* AFNetWorkRequest.h */,
				4EF9EF651A9DA8770074D0D9 /* AFNetWorkRequest.m */,
				4EF9EF661A9DA8770074D0D9 /* WMAFNetWorkRequest.h */,
				4EF9EF671A9DA8770074D0D9 /* WMAFNetWorkRequest.m */,
			);
			path = Request;
			sourceTree = "<group>";
		};
		4EF9EF681A9DA8770074D0D9 /* RequestData */ = {
			isa = PBXGroup;
			children = (
				4EF9EF691A9DA8770074D0D9 /* NetConfigRequestDataDefaultManager.h */,
				4EF9EF6A1A9DA8770074D0D9 /* NetConfigRequestDataDefaultManager.m */,
			);
			path = RequestData;
			sourceTree = "<group>";
		};
		4EF9EF6B1A9DA8770074D0D9 /* Sign */ = {
			isa = PBXGroup;
			children = (
				4EF9EF6C1A9DA8770074D0D9 /* NetConfigDefaultSign.h */,
				4EF9EF6D1A9DA8770074D0D9 /* NetConfigDefaultSign.m */,
				4EF9EF6E1A9DA8770074D0D9 /* WMNetConfigSign.h */,
				4EF9EF6F1A9DA8770074D0D9 /* WMNetConfigSign.m */,
			);
			path = Sign;
			sourceTree = "<group>";
		};
		4EF9EF701A9DA8770074D0D9 /* Reflect */ = {
			isa = PBXGroup;
			children = (
				4EF9EF711A9DA8770074D0D9 /* NSObject+Reflection.h */,
				4EF9EF721A9DA8770074D0D9 /* NSObject+Reflection.m */,
				4EF9EF731A9DA8770074D0D9 /* ReadValue.h */,
				4EF9EF741A9DA8770074D0D9 /* ReadValue.m */,
				4EF9EF751A9DA8770074D0D9 /* ReflectHeader.h */,
				4EF9EF761A9DA8770074D0D9 /* Reflection.h */,
				4EF9EF771A9DA8770074D0D9 /* Reflection.m */,
				4EF9EF781A9DA8770074D0D9 /* ReflectionDefine.h */,
				4EF9EF791A9DA8770074D0D9 /* ReflectionException.h */,
				4EF9EF7A1A9DA8770074D0D9 /* ReflectionException.m */,
				4EF9EF7B1A9DA8770074D0D9 /* ReflectionKeyValue.h */,
				4EF9EF7C1A9DA8770074D0D9 /* ReflectionProperty.h */,
				4EF9EF7D1A9DA8770074D0D9 /* ReflectionProperty.m */,
			);
			path = Reflect;
			sourceTree = "<group>";
		};
		4EF9EF9A1A9DB3470074D0D9 /* Main */ = {
			isa = PBXGroup;
			children = (
				4EF9EF9B1A9DB3CB0074D0D9 /* MainInput */,
				4EF9EF9C1A9DB3CB0074D0D9 /* MainManager */,
				4EF9EF9D1A9DB3CB0074D0D9 /* MainModel */,
				4EF9EF9E1A9DB3CB0074D0D9 /* MainUI */,
			);
			path = Main;
			sourceTree = "<group>";
		};
		4EF9EF9B1A9DB3CB0074D0D9 /* MainInput */ = {
			isa = PBXGroup;
			children = (
			);
			path = MainInput;
			sourceTree = "<group>";
		};
		4EF9EF9C1A9DB3CB0074D0D9 /* MainManager */ = {
			isa = PBXGroup;
			children = (
			);
			path = MainManager;
			sourceTree = "<group>";
		};
		4EF9EF9D1A9DB3CB0074D0D9 /* MainModel */ = {
			isa = PBXGroup;
			children = (
			);
			path = MainModel;
			sourceTree = "<group>";
		};
		4EF9EF9E1A9DB3CB0074D0D9 /* MainUI */ = {
			isa = PBXGroup;
			children = (
				4EF9EF9F1A9DB3CB0074D0D9 /* MainController */,
				4EF9EFA01A9DB3CB0074D0D9 /* MainView */,
			);
			path = MainUI;
			sourceTree = "<group>";
		};
		4EF9EF9F1A9DB3CB0074D0D9 /* MainController */ = {
			isa = PBXGroup;
			children = (
			);
			path = MainController;
			sourceTree = "<group>";
		};
		4EF9EFA01A9DB3CB0074D0D9 /* MainView */ = {
			isa = PBXGroup;
			children = (
				4EF9EFA41A9DB4200074D0D9 /* UIView */,
				4EF9EFA51A9DB4200074D0D9 /* UIViewController */,
			);
			path = MainView;
			sourceTree = "<group>";
		};
		4EF9EFA11A9DB3E80074D0D9 /* Main */ = {
			isa = PBXGroup;
			children = (
				4EF9EFA21A9DB3E80074D0D9 /* Main.storyboard */,
			);
			path = Main;
			sourceTree = "<group>";
		};
		4EF9EFA41A9DB4200074D0D9 /* UIView */ = {
			isa = PBXGroup;
			children = (
				4EF9EFA91A9DB6C30074D0D9 /* MLXCMainCell.h */,
				4EF9EFAA1A9DB6C30074D0D9 /* MLXCMainCell.m */,
			);
			path = UIView;
			sourceTree = "<group>";
		};
		4EF9EFA51A9DB4200074D0D9 /* UIViewController */ = {
			isa = PBXGroup;
			children = (
				4EF9EFA61A9DB4200074D0D9 /* MLXCMainViewController.h */,
				4EF9EFA71A9DB4200074D0D9 /* MLXCMainViewController.m */,
			);
			path = UIViewController;
			sourceTree = "<group>";
		};
		4EF9EFAC1A9DBC7F0074D0D9 /* AFNetWorking */ = {
			isa = PBXGroup;
			children = (
				4EF9EFAD1A9DBC7F0074D0D9 /* AFNetworking */,
				4EF9EFC11A9DBC7F0074D0D9 /* UIKit+AFNetworking */,
			);
			path = AFNetWorking;
			sourceTree = "<group>";
		};
		4EF9EFAD1A9DBC7F0074D0D9 /* AFNetworking */ = {
			isa = PBXGroup;
			children = (
				4EF9EFAE1A9DBC7F0074D0D9 /* AFHTTPRequestOperation.h */,
				4EF9EFAF1A9DBC7F0074D0D9 /* AFHTTPRequestOperation.m */,
				4EF9EFB01A9DBC7F0074D0D9 /* AFHTTPRequestOperationManager.h */,
				4EF9EFB11A9DBC7F0074D0D9 /* AFHTTPRequestOperationManager.m */,
				4EF9EFB21A9DBC7F0074D0D9 /* AFHTTPSessionManager.h */,
				4EF9EFB31A9DBC7F0074D0D9 /* AFHTTPSessionManager.m */,
				4EF9EFB41A9DBC7F0074D0D9 /* AFNetworking.h */,
				4EF9EFB51A9DBC7F0074D0D9 /* AFNetworkReachabilityManager.h */,
				4EF9EFB61A9DBC7F0074D0D9 /* AFNetworkReachabilityManager.m */,
				4EF9EFB71A9DBC7F0074D0D9 /* AFSecurityPolicy.h */,
				4EF9EFB81A9DBC7F0074D0D9 /* AFSecurityPolicy.m */,
				4EF9EFB91A9DBC7F0074D0D9 /* AFURLConnectionOperation.h */,
				4EF9EFBA1A9DBC7F0074D0D9 /* AFURLConnectionOperation.m */,
				4EF9EFBB1A9DBC7F0074D0D9 /* AFURLRequestSerialization.h */,
				4EF9EFBC1A9DBC7F0074D0D9 /* AFURLRequestSerialization.m */,
				4EF9EFBD1A9DBC7F0074D0D9 /* AFURLResponseSerialization.h */,
				4EF9EFBE1A9DBC7F0074D0D9 /* AFURLResponseSerialization.m */,
				4EF9EFBF1A9DBC7F0074D0D9 /* AFURLSessionManager.h */,
				4EF9EFC01A9DBC7F0074D0D9 /* AFURLSessionManager.m */,
			);
			path = AFNetworking;
			sourceTree = "<group>";
		};
		4EF9EFC11A9DBC7F0074D0D9 /* UIKit+AFNetworking */ = {
			isa = PBXGroup;
			children = (
				4EF9EFC21A9DBC7F0074D0D9 /* AFNetworkActivityIndicatorManager.h */,
				4EF9EFC31A9DBC7F0074D0D9 /* AFNetworkActivityIndicatorManager.m */,
				4EF9EFC41A9DBC7F0074D0D9 /* UIActivityIndicatorView+AFNetworking.h */,
				4EF9EFC51A9DBC7F0074D0D9 /* UIActivityIndicatorView+AFNetworking.m */,
				4EF9EFC61A9DBC7F0074D0D9 /* UIAlertView+AFNetworking.h */,
				4EF9EFC71A9DBC7F0074D0D9 /* UIAlertView+AFNetworking.m */,
				4EF9EFC81A9DBC7F0074D0D9 /* UIButton+AFNetworking.h */,
				4EF9EFC91A9DBC7F0074D0D9 /* UIButton+AFNetworking.m */,
				4EF9EFCA1A9DBC7F0074D0D9 /* UIImageView+AFNetworking.h */,
				4EF9EFCB1A9DBC7F0074D0D9 /* UIImageView+AFNetworking.m */,
				4EF9EFCC1A9DBC7F0074D0D9 /* UIKit+AFNetworking.h */,
				4EF9EFCD1A9DBC7F0074D0D9 /* UIProgressView+AFNetworking.h */,
				4EF9EFCE1A9DBC7F0074D0D9 /* UIProgressView+AFNetworking.m */,
				4EF9EFCF1A9DBC7F0074D0D9 /* UIRefreshControl+AFNetworking.h */,
				4EF9EFD01A9DBC7F0074D0D9 /* UIRefreshControl+AFNetworking.m */,
				4EF9EFD11A9DBC7F0074D0D9 /* UIWebView+AFNetworking.h */,
				4EF9EFD21A9DBC7F0074D0D9 /* UIWebView+AFNetworking.m */,
			);
			path = "UIKit+AFNetworking";
			sourceTree = "<group>";
		};
		4EF9F01B1A9DBD010074D0D9 /* Frameworks */ = {
			isa = PBXGroup;
			children = (
				4EF9EFF01A9DBCD30074D0D9 /* Security.framework */,
				4EF9EFEE1A9DBCCC0074D0D9 /* UIKit.framework */,
				4EF9EFEC1A9DBCC50074D0D9 /* CoreGraphics.framework */,
				4EF9EFEA1A9DBCBE0074D0D9 /* SystemConfiguration.framework */,
				4EF9EFE81A9DBCB50074D0D9 /* MobileCoreServices.framework */,
				4EF9EFE61A9DBCAF0074D0D9 /* CFNetwork.framework */,
				4EF9EFE41A9DBCA50074D0D9 /* Foundation.framework */,
			);
			path = Frameworks;
			sourceTree = "<group>";
		};
		4EF9F01C1A9DBD660074D0D9 /* UIView */ = {
			isa = PBXGroup;
			children = (
				4EF9F0211A9DBD970074D0D9 /* MLXCRestaurantListCell.h */,
				4EF9F0221A9DBD970074D0D9 /* MLXCRestaurantListCell.m */,
				4EF9F0591A9F0A710074D0D9 /* MLXCFoodListCell.h */,
				4EF9F05A1A9F0A710074D0D9 /* MLXCFoodListCell.m */,
				4EF9F05C1A9F171D0074D0D9 /* MLXCFoodListImagesCell.h */,
				4EF9F05D1A9F171D0074D0D9 /* MLXCFoodListImagesCell.m */,
			);
			path = UIView;
			sourceTree = "<group>";
		};
		4EF9F01D1A9DBD660074D0D9 /* UIViewController */ = {
			isa = PBXGroup;
			children = (
				4EF9F01E1A9DBD7A0074D0D9 /* MLXCRestaurantListViewController.h */,
				4EF9F01F1A9DBD7A0074D0D9 /* MLXCRestaurantListViewController.m */,
				4EF9F04A1A9ECB850074D0D9 /* MLXCRestaurantFoodListViewController.h */,
				4EF9F04B1A9ECB850074D0D9 /* MLXCRestaurantFoodListViewController.m */,
			);
			path = UIViewController;
			sourceTree = "<group>";
		};
		4EF9F0241A9DCF060074D0D9 /* Xib */ = {
			isa = PBXGroup;
			children = (
				4EF9F0261A9DCF680074D0D9 /* Global */,
				4EF9F0251A9DCF1A0074D0D9 /* Restaurant */,
			);
			path = Xib;
			sourceTree = "<group>";
		};
		4EF9F0251A9DCF1A0074D0D9 /* Restaurant */ = {
			isa = PBXGroup;
			children = (
			);
			path = Restaurant;
			sourceTree = "<group>";
		};
		4EF9F0261A9DCF680074D0D9 /* Global */ = {
			isa = PBXGroup;
			children = (
				4EF9F0271A9DCF9E0074D0D9 /* Back.xib */,
			);
			path = Global;
			sourceTree = "<group>";
		};
		4EF9F0291A9DCFBD0074D0D9 /* Image */ = {
			isa = PBXGroup;
			children = (
				4EF9F0341A9EBCA60074D0D9 /* Restaurant */,
				4EF9F02E1A9DD1BA0074D0D9 /* Global */,
			);
			path = Image;
			sourceTree = "<group>";
		};
		4EF9F02A1A9DD16F0074D0D9 /* ViewCategory */ = {
			isa = PBXGroup;
			children = (
				4EF9F02B1A9DD16F0074D0D9 /* UIViewController+Bar.h */,
				4EF9F02C1A9DD16F0074D0D9 /* UIViewController+Bar.m */,
				4EF9F04D1A9ECC830074D0D9 /* MLXCBaseViewController.h */,
				4EF9F04E1A9ECC830074D0D9 /* MLXCBaseViewController.m */,
				4EF9F08C1A9F202A0074D0D9 /* UIImageView+MLXCImageView.h */,
				4EF9F08D1A9F202A0074D0D9 /* UIImageView+MLXCImageView.m */,
			);
			path = ViewCategory;
			sourceTree = "<group>";
		};
		4EF9F02E1A9DD1BA0074D0D9 /* Global */ = {
			isa = PBXGroup;
			children = (
				4EF9F02F1A9DD1BA0074D0D9 /* back@2x.png */,
			);
			path = Global;
			sourceTree = "<group>";
		};
		4EF9F0341A9EBCA60074D0D9 /* Restaurant */ = {
			isa = PBXGroup;
			children = (
				4EF9F03D1A9EBF190074D0D9 /* tipIcon_down@2x.png */,
				4EF9F03E1A9EBF190074D0D9 /* tipIcon_up@2x.png */,
				4EF9F0391A9EBD130074D0D9 /* hasinvoice_normal@2x.png */,
				4EF9F03A1A9EBD130074D0D9 /* hasinvoice_selected@2x.png */,
			);
			path = Restaurant;
			sourceTree = "<group>";
		};
		4EF9F0601A9F1DCF0074D0D9 /* SDWebImage */ = {
			isa = PBXGroup;
			children = (
				4EF9F0611A9F1DCF0074D0D9 /* NSData+ImageContentType.h */,
				4EF9F0621A9F1DCF0074D0D9 /* NSData+ImageContentType.m */,
				4EF9F0631A9F1DCF0074D0D9 /* SDImageCache.h */,
				4EF9F0641A9F1DCF0074D0D9 /* SDImageCache.m */,
				4EF9F0651A9F1DCF0074D0D9 /* SDWebImageCompat.h */,
				4EF9F0661A9F1DCF0074D0D9 /* SDWebImageCompat.m */,
				4EF9F0671A9F1DCF0074D0D9 /* SDWebImageDecoder.h */,
				4EF9F0681A9F1DCF0074D0D9 /* SDWebImageDecoder.m */,
				4EF9F0691A9F1DCF0074D0D9 /* SDWebImageDownloader.h */,
				4EF9F06A1A9F1DCF0074D0D9 /* SDWebImageDownloader.m */,
				4EF9F06B1A9F1DCF0074D0D9 /* SDWebImageDownloaderOperation.h */,
				4EF9F06C1A9F1DCF0074D0D9 /* SDWebImageDownloaderOperation.m */,
				4EF9F06D1A9F1DCF0074D0D9 /* SDWebImageManager.h */,
				4EF9F06E1A9F1DCF0074D0D9 /* SDWebImageManager.m */,
				4EF9F06F1A9F1DCF0074D0D9 /* SDWebImageOperation.h */,
				4EF9F0701A9F1DCF0074D0D9 /* SDWebImagePrefetcher.h */,
				4EF9F0711A9F1DCF0074D0D9 /* SDWebImagePrefetcher.m */,
				4EF9F0721A9F1DCF0074D0D9 /* UIButton+WebCache.h */,
				4EF9F0731A9F1DCF0074D0D9 /* UIButton+WebCache.m */,
				4EF9F0741A9F1DCF0074D0D9 /* UIImage+GIF.h */,
				4EF9F0751A9F1DCF0074D0D9 /* UIImage+GIF.m */,
				4EF9F0761A9F1DCF0074D0D9 /* UIImage+MultiFormat.h */,
				4EF9F0771A9F1DCF0074D0D9 /* UIImage+MultiFormat.m */,
				4EF9F0781A9F1DCF0074D0D9 /* UIImageView+HighlightedWebCache.h */,
				4EF9F0791A9F1DCF0074D0D9 /* UIImageView+HighlightedWebCache.m */,
				4EF9F07A1A9F1DCF0074D0D9 /* UIImageView+WebCache.h */,
				4EF9F07B1A9F1DCF0074D0D9 /* UIImageView+WebCache.m */,
				4EF9F07C1A9F1DD00074D0D9 /* UIView+WebCacheOperation.h */,
				4EF9F07D1A9F1DD00074D0D9 /* UIView+WebCacheOperation.m */,
			);
			path = SDWebImage;
			sourceTree = "<group>";
		};
		4EF9F08F1A9F20B80074D0D9 /* MLXCBaseUI */ = {
			isa = PBXGroup;
			children = (
				4EF9F0901A9F216D0074D0D9 /* MLXCDefaultUI.h */,
			);
			path = MLXCBaseUI;
			sourceTree = "<group>";
		};
/* End PBXGroup section */

/* Begin PBXNativeTarget section */
		4EF9EE8E1A9D66E20074D0D9 /* MLXC */ = {
			isa = PBXNativeTarget;
			buildConfigurationList = 4EF9EEB51A9D66E20074D0D9 /* Build configuration list for PBXNativeTarget "MLXC" */;
			buildPhases = (
				4EF9EE8B1A9D66E20074D0D9 /* Sources */,
				4EF9EE8C1A9D66E20074D0D9 /* Frameworks */,
				4EF9EE8D1A9D66E20074D0D9 /* Resources */,
			);
			buildRules = (
			);
			dependencies = (
			);
			name = MLXC;
			productName = MLXC;
			productReference = 4EF9EE8F1A9D66E20074D0D9 /* MLXC.app */;
			productType = "com.apple.product-type.application";
		};
		4EF9EEAA1A9D66E20074D0D9 /* MLXCTests */ = {
			isa = PBXNativeTarget;
			buildConfigurationList = 4EF9EEB81A9D66E20074D0D9 /* Build configuration list for PBXNativeTarget "MLXCTests" */;
			buildPhases = (
				4EF9EEA71A9D66E20074D0D9 /* Sources */,
				4EF9EEA81A9D66E20074D0D9 /* Frameworks */,
				4EF9EEA91A9D66E20074D0D9 /* Resources */,
			);
			buildRules = (
			);
			dependencies = (
				4EF9EEAD1A9D66E20074D0D9 /* PBXTargetDependency */,
			);
			name = MLXCTests;
			productName = MLXCTests;
			productReference = 4EF9EEAB1A9D66E20074D0D9 /* MLXCTests.xctest */;
			productType = "com.apple.product-type.bundle.unit-test";
		};
/* End PBXNativeTarget section */

/* Begin PBXProject section */
		4EF9EE871A9D66E20074D0D9 /* Project object */ = {
			isa = PBXProject;
			attributes = {
				CLASSPREFIX = MLXC;
				LastUpgradeCheck = 0610;
				ORGANIZATIONNAME = summer;
				TargetAttributes = {
					4EF9EE8E1A9D66E20074D0D9 = {
						CreatedOnToolsVersion = 6.1;
					};
					4EF9EEAA1A9D66E20074D0D9 = {
						CreatedOnToolsVersion = 6.1;
						TestTargetID = 4EF9EE8E1A9D66E20074D0D9;
					};
				};
			};
			buildConfigurationList = 4EF9EE8A1A9D66E20074D0D9 /* Build configuration list for PBXProject "MLXC" */;
			compatibilityVersion = "Xcode 3.2";
			developmentRegion = English;
			hasScannedForEncodings = 0;
			knownRegions = (
				en,
				Base,
			);
			mainGroup = 4EF9EE861A9D66E20074D0D9;
			productRefGroup = 4EF9EE901A9D66E20074D0D9 /* Products */;
			projectDirPath = "";
			projectRoot = "";
			targets = (
				4EF9EE8E1A9D66E20074D0D9 /* MLXC */,
				4EF9EEAA1A9D66E20074D0D9 /* MLXCTests */,
			);
		};
/* End PBXProject section */

/* Begin PBXResourcesBuildPhase section */
		4EF9EE8D1A9D66E20074D0D9 /* Resources */ = {
			isa = PBXResourcesBuildPhase;
			buildActionMask = 2147483647;
			files = (
				4EF9F03C1A9EBD130074D0D9 /* hasinvoice_selected@2x.png in Resources */,
				4EF9EFA31A9DB3E80074D0D9 /* Main.storyboard in Resources */,
				4EF9F0401A9EBF190074D0D9 /* tipIcon_up@2x.png in Resources */,
				4EF9F0281A9DCF9E0074D0D9 /* Back.xib in Resources */,
				4EF9EF041A9D9EC10074D0D9 /* Restaurant.storyboard in Resources */,
				4EF9EEA61A9D66E20074D0D9 /* LaunchScreen.xib in Resources */,
				4EF9EEA31A9D66E20074D0D9 /* Images.xcassets in Resources */,
				4EF9F0301A9DD1BA0074D0D9 /* back@2x.png in Resources */,
				4EF9F03F1A9EBF190074D0D9 /* tipIcon_down@2x.png in Resources */,
				4EF9F03B1A9EBD130074D0D9 /* hasinvoice_normal@2x.png in Resources */,
			);
			runOnlyForDeploymentPostprocessing = 0;
		};
		4EF9EEA91A9D66E20074D0D9 /* Resources */ = {
			isa = PBXResourcesBuildPhase;
			buildActionMask = 2147483647;
			files = (
			);
			runOnlyForDeploymentPostprocessing = 0;
		};
/* End PBXResourcesBuildPhase section */

/* Begin PBXSourcesBuildPhase section */
		4EF9EE8B1A9D66E20074D0D9 /* Sources */ = {
			isa = PBXSourcesBuildPhase;
			buildActionMask = 2147483647;
			files = (
				4EF9EFD31A9DBC7F0074D0D9 /* AFHTTPRequestOperation.m in Sources */,
				4EF9F0491A9EC40B0074D0D9 /* MLXCRestaurantFood.m in Sources */,
				4EF9EF491A9DA77A0074D0D9 /* MLXCRestaurantList.m in Sources */,
				4EF9F0831A9F1DD00074D0D9 /* SDWebImageDownloaderOperation.m in Sources */,
				4EF9EF841A9DA8770074D0D9 /* AFNetWorkRequest.m in Sources */,
				4EF9EF8B1A9DA8770074D0D9 /* Reflection.m in Sources */,
				4EF9EF8D1A9DA8770074D0D9 /* ReflectionProperty.m in Sources */,
				4EF9EF901A9DA90D0074D0D9 /* MLXCRestaurant.m in Sources */,
				4EF9EFE31A9DBC7F0074D0D9 /* UIWebView+AFNetworking.m in Sources */,
				4EF9EFD51A9DBC7F0074D0D9 /* AFHTTPSessionManager.m in Sources */,
				4EF9EF801A9DA8770074D0D9 /* NetConfigModel.m in Sources */,
				4EF9EFE21A9DBC7F0074D0D9 /* UIRefreshControl+AFNetworking.m in Sources */,
				4EF9EFDC1A9DBC7F0074D0D9 /* AFNetworkActivityIndicatorManager.m in Sources */,
				4EF9EF871A9DA8770074D0D9 /* NetConfigDefaultSign.m in Sources */,
				4EF9F04C1A9ECB850074D0D9 /* MLXCRestaurantFoodListViewController.m in Sources */,
				4EF9EF821A9DA8770074D0D9 /* WMNetConfigInput.m in Sources */,
				4EF9EFE01A9DBC7F0074D0D9 /* UIImageView+AFNetworking.m in Sources */,
				4EF9EFDF1A9DBC7F0074D0D9 /* UIButton+AFNetworking.m in Sources */,
				4EF9EFDD1A9DBC7F0074D0D9 /* UIActivityIndicatorView+AFNetworking.m in Sources */,
				4EF9EFDB1A9DBC7F0074D0D9 /* AFURLSessionManager.m in Sources */,
				4EF9EE981A9D66E20074D0D9 /* AppDelegate.m in Sources */,
				4EF9F0841A9F1DD00074D0D9 /* SDWebImageManager.m in Sources */,
				4EF9EFD71A9DBC7F0074D0D9 /* AFSecurityPolicy.m in Sources */,
				4EF9EFDA1A9DBC7F0074D0D9 /* AFURLResponseSerialization.m in Sources */,
				4EF9F0881A9F1DD00074D0D9 /* UIImage+MultiFormat.m in Sources */,
				4EF9F0851A9F1DD00074D0D9 /* SDWebImagePrefetcher.m in Sources */,
				4EF9F0461A9EC3F40074D0D9 /* MLXCRestaurantFoodList.m in Sources */,
				4EF9F08B1A9F1DD00074D0D9 /* UIView+WebCacheOperation.m in Sources */,
				4EF9EFE11A9DBC7F0074D0D9 /* UIProgressView+AFNetworking.m in Sources */,
				4EF9EFA81A9DB4200074D0D9 /* MLXCMainViewController.m in Sources */,
				4EF9EF7E1A9DA8770074D0D9 /* NetConfigModelDefaultManager.m in Sources */,
				4EF9EF831A9DA8770074D0D9 /* NetConfigDefaultReflect.m in Sources */,
				4EF9F0811A9F1DD00074D0D9 /* SDWebImageDecoder.m in Sources */,
				4EF9EFD81A9DBC7F0074D0D9 /* AFURLConnectionOperation.m in Sources */,
				4EF9EF861A9DA8770074D0D9 /* NetConfigRequestDataDefaultManager.m in Sources */,
				4EF9EFDE1A9DBC7F0074D0D9 /* UIAlertView+AFNetworking.m in Sources */,
				4EF9EFD91A9DBC7F0074D0D9 /* AFURLRequestSerialization.m in Sources */,
				4EF9F0801A9F1DD00074D0D9 /* SDWebImageCompat.m in Sources */,
				4EF9EF991A9DB2410074D0D9 /* MLXCRestaurantController.m in Sources */,
				4EF9F0861A9F1DD00074D0D9 /* UIButton+WebCache.m in Sources */,
				4EF9EF8C1A9DA8770074D0D9 /* ReflectionException.m in Sources */,
				4EF9EF851A9DA8770074D0D9 /* WMAFNetWorkRequest.m in Sources */,
				4EF9F0201A9DBD7A0074D0D9 /* MLXCRestaurantListViewController.m in Sources */,
				4EF9F08E1A9F202A0074D0D9 /* UIImageView+MLXCImageView.m in Sources */,
				4EF9F08A1A9F1DD00074D0D9 /* UIImageView+WebCache.m in Sources */,
				4EF9EFD41A9DBC7F0074D0D9 /* AFHTTPRequestOperationManager.m in Sources */,
				4EF9EF7F1A9DA8770074D0D9 /* NetConfigManager.m in Sources */,
				4EF9EF881A9DA8770074D0D9 /* WMNetConfigSign.m in Sources */,
				4EF9F0821A9F1DD00074D0D9 /* SDWebImageDownloader.m in Sources */,
				4EF9F02D1A9DD16F0074D0D9 /* UIViewController+Bar.m in Sources */,
				4EF9F07F1A9F1DD00074D0D9 /* SDImageCache.m in Sources */,
				4EF9EFD61A9DBC7F0074D0D9 /* AFNetworkReachabilityManager.m in Sources */,
				4EF9F0231A9DBD970074D0D9 /* MLXCRestaurantListCell.m in Sources */,
				4EF9EF931A9DA9ED0074D0D9 /* MLXCRestaurantManager.m in Sources */,
				4EF9F07E1A9F1DD00074D0D9 /* NSData+ImageContentType.m in Sources */,
				4EF9F04F1A9ECC830074D0D9 /* MLXCBaseViewController.m in Sources */,
				4EF9F0871A9F1DD00074D0D9 /* UIImage+GIF.m in Sources */,
				4EF9F0891A9F1DD00074D0D9 /* UIImageView+HighlightedWebCache.m in Sources */,
				4EF9EFAB1A9DB6C30074D0D9 /* MLXCMainCell.m in Sources */,
				4EF9EF891A9DA8770074D0D9 /* NSObject+Reflection.m in Sources */,
				4EF9F05E1A9F171D0074D0D9 /* MLXCFoodListImagesCell.m in Sources */,
				4EF9EF811A9DA8770074D0D9 /* NetConfigInput.m in Sources */,
				4EF9EE951A9D66E20074D0D9 /* main.m in Sources */,
				4EF9EF961A9DAA770074D0D9 /* MLXCRestaurantInput.m in Sources */,
				4EF9EF8A1A9DA8770074D0D9 /* ReadValue.m in Sources */,
				4EF9F05B1A9F0A710074D0D9 /* MLXCFoodListCell.m in Sources */,
			);
			runOnlyForDeploymentPostprocessing = 0;
		};
		4EF9EEA71A9D66E20074D0D9 /* Sources */ = {
			isa = PBXSourcesBuildPhase;
			buildActionMask = 2147483647;
			files = (
				4EF9EEB21A9D66E20074D0D9 /* MLXCTests.m in Sources */,
			);
			runOnlyForDeploymentPostprocessing = 0;
		};
/* End PBXSourcesBuildPhase section */

/* Begin PBXTargetDependency section */
		4EF9EEAD1A9D66E20074D0D9 /* PBXTargetDependency */ = {
			isa = PBXTargetDependency;
			target = 4EF9EE8E1A9D66E20074D0D9 /* MLXC */;
			targetProxy = 4EF9EEAC1A9D66E20074D0D9 /* PBXContainerItemProxy */;
		};
/* End PBXTargetDependency section */

/* Begin PBXVariantGroup section */
		4EF9EEA41A9D66E20074D0D9 /* LaunchScreen.xib */ = {
			isa = PBXVariantGroup;
			children = (
				4EF9EEA51A9D66E20074D0D9 /* Base */,
			);
			name = LaunchScreen.xib;
			sourceTree = "<group>";
		};
/* End PBXVariantGroup section */

/* Begin XCBuildConfiguration section */
		4EF9EEB31A9D66E20074D0D9 /* Debug */ = {
			isa = XCBuildConfiguration;
			buildSettings = {
				ALWAYS_SEARCH_USER_PATHS = NO;
				CLANG_CXX_LANGUAGE_STANDARD = "gnu++0x";
				CLANG_CXX_LIBRARY = "libc++";
				CLANG_ENABLE_MODULES = YES;
				CLANG_ENABLE_OBJC_ARC = YES;
				CLANG_WARN_BOOL_CONVERSION = YES;
				CLANG_WARN_CONSTANT_CONVERSION = YES;
				CLANG_WARN_DIRECT_OBJC_ISA_USAGE = YES_ERROR;
				CLANG_WARN_EMPTY_BODY = YES;
				CLANG_WARN_ENUM_CONVERSION = YES;
				CLANG_WARN_INT_CONVERSION = YES;
				CLANG_WARN_OBJC_ROOT_CLASS = YES_ERROR;
				CLANG_WARN_UNREACHABLE_CODE = YES;
				CLANG_WARN__DUPLICATE_METHOD_MATCH = YES;
				"CODE_SIGN_IDENTITY[sdk=iphoneos*]" = "iPhone Developer";
				COPY_PHASE_STRIP = NO;
				ENABLE_STRICT_OBJC_MSGSEND = YES;
				GCC_C_LANGUAGE_STANDARD = gnu99;
				GCC_DYNAMIC_NO_PIC = NO;
				GCC_OPTIMIZATION_LEVEL = 0;
				GCC_PREPROCESSOR_DEFINITIONS = (
					"DEBUG=1",
					"$(inherited)",
				);
				GCC_SYMBOLS_PRIVATE_EXTERN = NO;
				GCC_WARN_64_TO_32_BIT_CONVERSION = YES;
				GCC_WARN_ABOUT_RETURN_TYPE = YES_ERROR;
				GCC_WARN_UNDECLARED_SELECTOR = YES;
				GCC_WARN_UNINITIALIZED_AUTOS = YES_AGGRESSIVE;
				GCC_WARN_UNUSED_FUNCTION = YES;
				GCC_WARN_UNUSED_VARIABLE = YES;
				IPHONEOS_DEPLOYMENT_TARGET = 8.1;
				MTL_ENABLE_DEBUG_INFO = YES;
				ONLY_ACTIVE_ARCH = YES;
				SDKROOT = iphoneos;
			};
			name = Debug;
		};
		4EF9EEB41A9D66E20074D0D9 /* Release */ = {
			isa = XCBuildConfiguration;
			buildSettings = {
				ALWAYS_SEARCH_USER_PATHS = NO;
				CLANG_CXX_LANGUAGE_STANDARD = "gnu++0x";
				CLANG_CXX_LIBRARY = "libc++";
				CLANG_ENABLE_MODULES = YES;
				CLANG_ENABLE_OBJC_ARC = YES;
				CLANG_WARN_BOOL_CONVERSION = YES;
				CLANG_WARN_CONSTANT_CONVERSION = YES;
				CLANG_WARN_DIRECT_OBJC_ISA_USAGE = YES_ERROR;
				CLANG_WARN_EMPTY_BODY = YES;
				CLANG_WARN_ENUM_CONVERSION = YES;
				CLANG_WARN_INT_CONVERSION = YES;
				CLANG_WARN_OBJC_ROOT_CLASS = YES_ERROR;
				CLANG_WARN_UNREACHABLE_CODE = YES;
				CLANG_WARN__DUPLICATE_METHOD_MATCH = YES;
				"CODE_SIGN_IDENTITY[sdk=iphoneos*]" = "iPhone Developer";
				COPY_PHASE_STRIP = YES;
				ENABLE_NS_ASSERTIONS = NO;
				ENABLE_STRICT_OBJC_MSGSEND = YES;
				GCC_C_LANGUAGE_STANDARD = gnu99;
				GCC_WARN_64_TO_32_BIT_CONVERSION = YES;
				GCC_WARN_ABOUT_RETURN_TYPE = YES_ERROR;
				GCC_WARN_UNDECLARED_SELECTOR = YES;
				GCC_WARN_UNINITIALIZED_AUTOS = YES_AGGRESSIVE;
				GCC_WARN_UNUSED_FUNCTION = YES;
				GCC_WARN_UNUSED_VARIABLE = YES;
				IPHONEOS_DEPLOYMENT_TARGET = 8.1;
				MTL_ENABLE_DEBUG_INFO = NO;
				SDKROOT = iphoneos;
				VALIDATE_PRODUCT = YES;
			};
			name = Release;
		};
		4EF9EEB61A9D66E20074D0D9 /* Debug */ = {
			isa = XCBuildConfiguration;
			buildSettings = {
				ASSETCATALOG_COMPILER_APPICON_NAME = AppIcon;
				GCC_PRECOMPILE_PREFIX_HEADER = YES;
				GCC_PREFIX_HEADER = MLXC/MLXC.pch;
				INFOPLIST_FILE = MLXC/Info.plist;
				LD_RUNPATH_SEARCH_PATHS = "$(inherited) @executable_path/Frameworks";
				PRODUCT_NAME = "$(TARGET_NAME)";
			};
			name = Debug;
		};
		4EF9EEB71A9D66E20074D0D9 /* Release */ = {
			isa = XCBuildConfiguration;
			buildSettings = {
				ASSETCATALOG_COMPILER_APPICON_NAME = AppIcon;
				GCC_PRECOMPILE_PREFIX_HEADER = YES;
				GCC_PREFIX_HEADER = MLXC/MLXC.pch;
				INFOPLIST_FILE = MLXC/Info.plist;
				LD_RUNPATH_SEARCH_PATHS = "$(inherited) @executable_path/Frameworks";
				PRODUCT_NAME = "$(TARGET_NAME)";
			};
			name = Release;
		};
		4EF9EEB91A9D66E20074D0D9 /* Debug */ = {
			isa = XCBuildConfiguration;
			buildSettings = {
				BUNDLE_LOADER = "$(TEST_HOST)";
				FRAMEWORK_SEARCH_PATHS = (
					"$(SDKROOT)/Developer/Library/Frameworks",
					"$(inherited)",
				);
				GCC_PREPROCESSOR_DEFINITIONS = (
					"DEBUG=1",
					"$(inherited)",
				);
				INFOPLIST_FILE = MLXCTests/Info.plist;
				LD_RUNPATH_SEARCH_PATHS = "$(inherited) @executable_path/Frameworks @loader_path/Frameworks";
				PRODUCT_NAME = "$(TARGET_NAME)";
				TEST_HOST = "$(BUILT_PRODUCTS_DIR)/MLXC.app/MLXC";
			};
			name = Debug;
		};
		4EF9EEBA1A9D66E20074D0D9 /* Release */ = {
			isa = XCBuildConfiguration;
			buildSettings = {
				BUNDLE_LOADER = "$(TEST_HOST)";
				FRAMEWORK_SEARCH_PATHS = (
					"$(SDKROOT)/Developer/Library/Frameworks",
					"$(inherited)",
				);
				INFOPLIST_FILE = MLXCTests/Info.plist;
				LD_RUNPATH_SEARCH_PATHS = "$(inherited) @executable_path/Frameworks @loader_path/Frameworks";
				PRODUCT_NAME = "$(TARGET_NAME)";
				TEST_HOST = "$(BUILT_PRODUCTS_DIR)/MLXC.app/MLXC";
			};
			name = Release;
		};
/* End XCBuildConfiguration section */

/* Begin XCConfigurationList section */
		4EF9EE8A1A9D66E20074D0D9 /* Build configuration list for PBXProject "MLXC" */ = {
			isa = XCConfigurationList;
			buildConfigurations = (
				4EF9EEB31A9D66E20074D0D9 /* Debug */,
				4EF9EEB41A9D66E20074D0D9 /* Release */,
			);
			defaultConfigurationIsVisible = 0;
			defaultConfigurationName = Release;
		};
		4EF9EEB51A9D66E20074D0D9 /* Build configuration list for PBXNativeTarget "MLXC" */ = {
			isa = XCConfigurationList;
			buildConfigurations = (
				4EF9EEB61A9D66E20074D0D9 /* Debug */,
				4EF9EEB71A9D66E20074D0D9 /* Release */,
			);
			defaultConfigurationIsVisible = 0;
			defaultConfigurationName = Release;
		};
		4EF9EEB81A9D66E20074D0D9 /* Build configuration list for PBXNativeTarget "MLXCTests" */ = {
			isa = XCConfigurationList;
			buildConfigurations = (
				4EF9EEB91A9D66E20074D0D9 /* Debug */,
				4EF9EEBA1A9D66E20074D0D9 /* Release */,
			);
			defaultConfigurationIsVisible = 0;
			defaultConfigurationName = Release;
		};
/* End XCConfigurationList section */
	};
	rootObject = 4EF9EE871A9D66E20074D0D9 /* Project object */;
}
