// !$*UTF8*$!
{
	archiveVersion = 1;
	classes = {
	};
	objectVersion = 46;
	objects = {

/* Begin PBXBuildFile section */
		4EF9EE951A9D66E20074D0D9 /* main.m in Sources */ = {isa = PBXBuildFile; fileRef = 4EF9EE941A9D66E20074D0D9 /* main.m */; };
		4EF9EE981A9D66E20074D0D9 /* AppDelegate.m in Sources */ = {isa = PBXBuildFile; fileRef = 4EF9EE971A9D66E20074D0D9 /* AppDelegate.m */; };
		4EF9EEA11A9D66E20074D0D9 /* Main.storyboard in Resources */ = {isa = PBXBuildFile; fileRef = 4EF9EE9F1A9D66E20074D0D9 /* Main.storyboard */; };
		4EF9EEA31A9D66E20074D0D9 /* Images.xcassets in Resources */ = {isa = PBXBuildFile; fileRef = 4EF9EEA21A9D66E20074D0D9 /* Images.xcassets */; };
		4EF9EEA61A9D66E20074D0D9 /* LaunchScreen.xib in Resources */ = {isa = PBXBuildFile; fileRef = 4EF9EEA41A9D66E20074D0D9 /* LaunchScreen.xib */; };
		4EF9EEB21A9D66E20074D0D9 /* MLXCTests.m in Sources */ = {isa = PBXBuildFile; fileRef = 4EF9EEB11A9D66E20074D0D9 /* MLXCTests.m */; };
		4EF9EEF21A9D6A630074D0D9 /* MLXCMainViewController.m in Sources */ = {isa = PBXBuildFile; fileRef = 4EF9EEF11A9D6A630074D0D9 /* MLXCMainViewController.m */; };
/* End PBXBuildFile section */

/* Begin PBXContainerItemProxy section */
		4EF9EEAC1A9D66E20074D0D9 /* PBXContainerItemProxy */ = {
			isa = PBXContainerItemProxy;
			containerPortal = 4EF9EE871A9D66E20074D0D9 /* Project object */;
			proxyType = 1;
			remoteGlobalIDString = 4EF9EE8E1A9D66E20074D0D9;
			remoteInfo = MLXC;
		};
/* End PBXContainerItemProxy section */

/* Begin PBXFileReference section */
		4EF9EE8F1A9D66E20074D0D9 /* MLXC.app */ = {isa = PBXFileReference; explicitFileType = wrapper.application; includeInIndex = 0; path = MLXC.app; sourceTree = BUILT_PRODUCTS_DIR; };
		4EF9EE931A9D66E20074D0D9 /* Info.plist */ = {isa = PBXFileReference; lastKnownFileType = text.plist.xml; path = Info.plist; sourceTree = "<group>"; };
		4EF9EE941A9D66E20074D0D9 /* main.m */ = {isa = PBXFileReference; lastKnownFileType = sourcecode.c.objc; path = main.m; sourceTree = "<group>"; };
		4EF9EE961A9D66E20074D0D9 /* AppDelegate.h */ = {isa = PBXFileReference; lastKnownFileType = sourcecode.c.h; path = AppDelegate.h; sourceTree = "<group>"; };
		4EF9EE971A9D66E20074D0D9 /* AppDelegate.m */ = {isa = PBXFileReference; lastKnownFileType = sourcecode.c.objc; path = AppDelegate.m; sourceTree = "<group>"; };
		4EF9EEA01A9D66E20074D0D9 /* Base */ = {isa = PBXFileReference; lastKnownFileType = file.storyboard; name = Base; path = Base.lproj/Main.storyboard; sourceTree = "<group>"; };
		4EF9EEA21A9D66E20074D0D9 /* Images.xcassets */ = {isa = PBXFileReference; lastKnownFileType = folder.assetcatalog; path = Images.xcassets; sourceTree = "<group>"; };
		4EF9EEA51A9D66E20074D0D9 /* Base */ = {isa = PBXFileReference; lastKnownFileType = file.xib; name = Base; path = Base.lproj/LaunchScreen.xib; sourceTree = "<group>"; };
		4EF9EEAB1A9D66E20074D0D9 /* MLXCTests.xctest */ = {isa = PBXFileReference; explicitFileType = wrapper.cfbundle; includeInIndex = 0; path = MLXCTests.xctest; sourceTree = BUILT_PRODUCTS_DIR; };
		4EF9EEB01A9D66E20074D0D9 /* Info.plist */ = {isa = PBXFileReference; lastKnownFileType = text.plist.xml; path = Info.plist; sourceTree = "<group>"; };
		4EF9EEB11A9D66E20074D0D9 /* MLXCTests.m */ = {isa = PBXFileReference; lastKnownFileType = sourcecode.c.objc; path = MLXCTests.m; sourceTree = "<group>"; };
		4EF9EEF01A9D6A630074D0D9 /* MLXCMainViewController.h */ = {isa = PBXFileReference; fileEncoding = 4; lastKnownFileType = sourcecode.c.h; path = MLXCMainViewController.h; sourceTree = "<group>"; };
		4EF9EEF11A9D6A630074D0D9 /* MLXCMainViewController.m */ = {isa = PBXFileReference; fileEncoding = 4; lastKnownFileType = sourcecode.c.objc; path = MLXCMainViewController.m; sourceTree = "<group>"; };
/* End PBXFileReference section */

/* Begin PBXFrameworksBuildPhase section */
		4EF9EE8C1A9D66E20074D0D9 /* Frameworks */ = {
			isa = PBXFrameworksBuildPhase;
			buildActionMask = 2147483647;
			files = (
			);
			runOnlyForDeploymentPostprocessing = 0;
		};
		4EF9EEA81A9D66E20074D0D9 /* Frameworks */ = {
			isa = PBXFrameworksBuildPhase;
			buildActionMask = 2147483647;
			files = (
			);
			runOnlyForDeploymentPostprocessing = 0;
		};
/* End PBXFrameworksBuildPhase section */

/* Begin PBXGroup section */
		4EF9EE861A9D66E20074D0D9 = {
			isa = PBXGroup;
			children = (
				4EF9EE911A9D66E20074D0D9 /* MLXC */,
				4EF9EEAE1A9D66E20074D0D9 /* MLXCTests */,
				4EF9EE901A9D66E20074D0D9 /* Products */,
			);
			sourceTree = "<group>";
		};
		4EF9EE901A9D66E20074D0D9 /* Products */ = {
			isa = PBXGroup;
			children = (
				4EF9EE8F1A9D66E20074D0D9 /* MLXC.app */,
				4EF9EEAB1A9D66E20074D0D9 /* MLXCTests.xctest */,
			);
			name = Products;
			sourceTree = "<group>";
		};
		4EF9EE911A9D66E20074D0D9 /* MLXC */ = {
			isa = PBXGroup;
			children = (
				4EF9EE961A9D66E20074D0D9 /* AppDelegate.h */,
				4EF9EE971A9D66E20074D0D9 /* AppDelegate.m */,
				4EF9EE9F1A9D66E20074D0D9 /* Main.storyboard */,
				4EF9EEA21A9D66E20074D0D9 /* Images.xcassets */,
				4EF9EEA41A9D66E20074D0D9 /* LaunchScreen.xib */,
				4EF9EE921A9D66E20074D0D9 /* Supporting Files */,
				4EF9EEF01A9D6A630074D0D9 /* MLXCMainViewController.h */,
				4EF9EEF11A9D6A630074D0D9 /* MLXCMainViewController.m */,
			);
			path = MLXC;
			sourceTree = "<group>";
		};
		4EF9EE921A9D66E20074D0D9 /* Supporting Files */ = {
			isa = PBXGroup;
			children = (
				4EF9EE931A9D66E20074D0D9 /* Info.plist */,
				4EF9EE941A9D66E20074D0D9 /* main.m */,
			);
			name = "Supporting Files";
			sourceTree = "<group>";
		};
		4EF9EEAE1A9D66E20074D0D9 /* MLXCTests */ = {
			isa = PBXGroup;
			children = (
				4EF9EEB11A9D66E20074D0D9 /* MLXCTests.m */,
				4EF9EEAF1A9D66E20074D0D9 /* Supporting Files */,
			);
			path = MLXCTests;
			sourceTree = "<group>";
		};
		4EF9EEAF1A9D66E20074D0D9 /* Supporting Files */ = {
			isa = PBXGroup;
			children = (
				4EF9EEB01A9D66E20074D0D9 /* Info.plist */,
			);
			name = "Supporting Files";
			sourceTree = "<group>";
		};
/* End PBXGroup section */

/* Begin PBXNativeTarget section */
		4EF9EE8E1A9D66E20074D0D9 /* MLXC */ = {
			isa = PBXNativeTarget;
			buildConfigurationList = 4EF9EEB51A9D66E20074D0D9 /* Build configuration list for PBXNativeTarget "MLXC" */;
			buildPhases = (
				4EF9EE8B1A9D66E20074D0D9 /* Sources */,
				4EF9EE8C1A9D66E20074D0D9 /* Frameworks */,
				4EF9EE8D1A9D66E20074D0D9 /* Resources */,
			);
			buildRules = (
			);
			dependencies = (
			);
			name = MLXC;
			productName = MLXC;
			productReference = 4EF9EE8F1A9D66E20074D0D9 /* MLXC.app */;
			productType = "com.apple.product-type.application";
		};
		4EF9EEAA1A9D66E20074D0D9 /* MLXCTests */ = {
			isa = PBXNativeTarget;
			buildConfigurationList = 4EF9EEB81A9D66E20074D0D9 /* Build configuration list for PBXNativeTarget "MLXCTests" */;
			buildPhases = (
				4EF9EEA71A9D66E20074D0D9 /* Sources */,
				4EF9EEA81A9D66E20074D0D9 /* Frameworks */,
				4EF9EEA91A9D66E20074D0D9 /* Resources */,
			);
			buildRules = (
			);
			dependencies = (
				4EF9EEAD1A9D66E20074D0D9 /* PBXTargetDependency */,
			);
			name = MLXCTests;
			productName = MLXCTests;
			productReference = 4EF9EEAB1A9D66E20074D0D9 /* MLXCTests.xctest */;
			productType = "com.apple.product-type.bundle.unit-test";
		};
/* End PBXNativeTarget section */

/* Begin PBXProject section */
		4EF9EE871A9D66E20074D0D9 /* Project object */ = {
			isa = PBXProject;
			attributes = {
				CLASSPREFIX = MLXC;
				LastUpgradeCheck = 0610;
				ORGANIZATIONNAME = summer;
				TargetAttributes = {
					4EF9EE8E1A9D66E20074D0D9 = {
						CreatedOnToolsVersion = 6.1;
					};
					4EF9EEAA1A9D66E20074D0D9 = {
						CreatedOnToolsVersion = 6.1;
						TestTargetID = 4EF9EE8E1A9D66E20074D0D9;
					};
				};
			};
			buildConfigurationList = 4EF9EE8A1A9D66E20074D0D9 /* Build configuration list for PBXProject "MLXC" */;
			compatibilityVersion = "Xcode 3.2";
			developmentRegion = English;
			hasScannedForEncodings = 0;
			knownRegions = (
				en,
				Base,
			);
			mainGroup = 4EF9EE861A9D66E20074D0D9;
			productRefGroup = 4EF9EE901A9D66E20074D0D9 /* Products */;
			projectDirPath = "";
			projectRoot = "";
			targets = (
				4EF9EE8E1A9D66E20074D0D9 /* MLXC */,
				4EF9EEAA1A9D66E20074D0D9 /* MLXCTests */,
			);
		};
/* End PBXProject section */

/* Begin PBXResourcesBuildPhase section */
		4EF9EE8D1A9D66E20074D0D9 /* Resources */ = {
			isa = PBXResourcesBuildPhase;
			buildActionMask = 2147483647;
			files = (
				4EF9EEA11A9D66E20074D0D9 /* Main.storyboard in Resources */,
				4EF9EEA61A9D66E20074D0D9 /* LaunchScreen.xib in Resources */,
				4EF9EEA31A9D66E20074D0D9 /* Images.xcassets in Resources */,
			);
			runOnlyForDeploymentPostprocessing = 0;
		};
		4EF9EEA91A9D66E20074D0D9 /* Resources */ = {
			isa = PBXResourcesBuildPhase;
			buildActionMask = 2147483647;
			files = (
			);
			runOnlyForDeploymentPostprocessing = 0;
		};
/* End PBXResourcesBuildPhase section */

/* Begin PBXSourcesBuildPhase section */
		4EF9EE8B1A9D66E20074D0D9 /* Sources */ = {
			isa = PBXSourcesBuildPhase;
			buildActionMask = 2147483647;
			files = (
				4EF9EE981A9D66E20074D0D9 /* AppDelegate.m in Sources */,
				4EF9EEF21A9D6A630074D0D9 /* MLXCMainViewController.m in Sources */,
				4EF9EE951A9D66E20074D0D9 /* main.m in Sources */,
			);
			runOnlyForDeploymentPostprocessing = 0;
		};
		4EF9EEA71A9D66E20074D0D9 /* Sources */ = {
			isa = PBXSourcesBuildPhase;
			buildActionMask = 2147483647;
			files = (
				4EF9EEB21A9D66E20074D0D9 /* MLXCTests.m in Sources */,
			);
			runOnlyForDeploymentPostprocessing = 0;
		};
/* End PBXSourcesBuildPhase section */

/* Begin PBXTargetDependency section */
		4EF9EEAD1A9D66E20074D0D9 /* PBXTargetDependency */ = {
			isa = PBXTargetDependency;
			target = 4EF9EE8E1A9D66E20074D0D9 /* MLXC */;
			targetProxy = 4EF9EEAC1A9D66E20074D0D9 /* PBXContainerItemProxy */;
		};
/* End PBXTargetDependency section */

/* Begin PBXVariantGroup section */
		4EF9EE9F1A9D66E20074D0D9 /* Main.storyboard */ = {
			isa = PBXVariantGroup;
			children = (
				4EF9EEA01A9D66E20074D0D9 /* Base */,
			);
			name = Main.storyboard;
			sourceTree = "<group>";
		};
		4EF9EEA41A9D66E20074D0D9 /* LaunchScreen.xib */ = {
			isa = PBXVariantGroup;
			children = (
				4EF9EEA51A9D66E20074D0D9 /* Base */,
			);
			name = LaunchScreen.xib;
			sourceTree = "<group>";
		};
/* End PBXVariantGroup section */

/* Begin XCBuildConfiguration section */
		4EF9EEB31A9D66E20074D0D9 /* Debug */ = {
			isa = XCBuildConfiguration;
			buildSettings = {
				ALWAYS_SEARCH_USER_PATHS = NO;
				CLANG_CXX_LANGUAGE_STANDARD = "gnu++0x";
				CLANG_CXX_LIBRARY = "libc++";
				CLANG_ENABLE_MODULES = YES;
				CLANG_ENABLE_OBJC_ARC = YES;
				CLANG_WARN_BOOL_CONVERSION = YES;
				CLANG_WARN_CONSTANT_CONVERSION = YES;
				CLANG_WARN_DIRECT_OBJC_ISA_USAGE = YES_ERROR;
				CLANG_WARN_EMPTY_BODY = YES;
				CLANG_WARN_ENUM_CONVERSION = YES;
				CLANG_WARN_INT_CONVERSION = YES;
				CLANG_WARN_OBJC_ROOT_CLASS = YES_ERROR;
				CLANG_WARN_UNREACHABLE_CODE = YES;
				CLANG_WARN__DUPLICATE_METHOD_MATCH = YES;
				"CODE_SIGN_IDENTITY[sdk=iphoneos*]" = "iPhone Developer";
				COPY_PHASE_STRIP = NO;
				ENABLE_STRICT_OBJC_MSGSEND = YES;
				GCC_C_LANGUAGE_STANDARD = gnu99;
				GCC_DYNAMIC_NO_PIC = NO;
				GCC_OPTIMIZATION_LEVEL = 0;
				GCC_PREPROCESSOR_DEFINITIONS = (
					"DEBUG=1",
					"$(inherited)",
				);
				GCC_SYMBOLS_PRIVATE_EXTERN = NO;
				GCC_WARN_64_TO_32_BIT_CONVERSION = YES;
				GCC_WARN_ABOUT_RETURN_TYPE = YES_ERROR;
				GCC_WARN_UNDECLARED_SELECTOR = YES;
				GCC_WARN_UNINITIALIZED_AUTOS = YES_AGGRESSIVE;
				GCC_WARN_UNUSED_FUNCTION = YES;
				GCC_WARN_UNUSED_VARIABLE = YES;
				IPHONEOS_DEPLOYMENT_TARGET = 8.1;
				MTL_ENABLE_DEBUG_INFO = YES;
				ONLY_ACTIVE_ARCH = YES;
				SDKROOT = iphoneos;
			};
			name = Debug;
		};
		4EF9EEB41A9D66E20074D0D9 /* Release */ = {
			isa = XCBuildConfiguration;
			buildSettings = {
				ALWAYS_SEARCH_USER_PATHS = NO;
				CLANG_CXX_LANGUAGE_STANDARD = "gnu++0x";
				CLANG_CXX_LIBRARY = "libc++";
				CLANG_ENABLE_MODULES = YES;
				CLANG_ENABLE_OBJC_ARC = YES;
				CLANG_WARN_BOOL_CONVERSION = YES;
				CLANG_WARN_CONSTANT_CONVERSION = YES;
				CLANG_WARN_DIRECT_OBJC_ISA_USAGE = YES_ERROR;
				CLANG_WARN_EMPTY_BODY = YES;
				CLANG_WARN_ENUM_CONVERSION = YES;
				CLANG_WARN_INT_CONVERSION = YES;
				CLANG_WARN_OBJC_ROOT_CLASS = YES_ERROR;
				CLANG_WARN_UNREACHABLE_CODE = YES;
				CLANG_WARN__DUPLICATE_METHOD_MATCH = YES;
				"CODE_SIGN_IDENTITY[sdk=iphoneos*]" = "iPhone Developer";
				COPY_PHASE_STRIP = YES;
				ENABLE_NS_ASSERTIONS = NO;
				ENABLE_STRICT_OBJC_MSGSEND = YES;
				GCC_C_LANGUAGE_STANDARD = gnu99;
				GCC_WARN_64_TO_32_BIT_CONVERSION = YES;
				GCC_WARN_ABOUT_RETURN_TYPE = YES_ERROR;
				GCC_WARN_UNDECLARED_SELECTOR = YES;
				GCC_WARN_UNINITIALIZED_AUTOS = YES_AGGRESSIVE;
				GCC_WARN_UNUSED_FUNCTION = YES;
				GCC_WARN_UNUSED_VARIABLE = YES;
				IPHONEOS_DEPLOYMENT_TARGET = 8.1;
				MTL_ENABLE_DEBUG_INFO = NO;
				SDKROOT = iphoneos;
				VALIDATE_PRODUCT = YES;
			};
			name = Release;
		};
		4EF9EEB61A9D66E20074D0D9 /* Debug */ = {
			isa = XCBuildConfiguration;
			buildSettings = {
				ASSETCATALOG_COMPILER_APPICON_NAME = AppIcon;
				INFOPLIST_FILE = MLXC/Info.plist;
				LD_RUNPATH_SEARCH_PATHS = "$(inherited) @executable_path/Frameworks";
				PRODUCT_NAME = "$(TARGET_NAME)";
			};
			name = Debug;
		};
		4EF9EEB71A9D66E20074D0D9 /* Release */ = {
			isa = XCBuildConfiguration;
			buildSettings = {
				ASSETCATALOG_COMPILER_APPICON_NAME = AppIcon;
				INFOPLIST_FILE = MLXC/Info.plist;
				LD_RUNPATH_SEARCH_PATHS = "$(inherited) @executable_path/Frameworks";
				PRODUCT_NAME = "$(TARGET_NAME)";
			};
			name = Release;
		};
		4EF9EEB91A9D66E20074D0D9 /* Debug */ = {
			isa = XCBuildConfiguration;
			buildSettings = {
				BUNDLE_LOADER = "$(TEST_HOST)";
				FRAMEWORK_SEARCH_PATHS = (
					"$(SDKROOT)/Developer/Library/Frameworks",
					"$(inherited)",
				);
				GCC_PREPROCESSOR_DEFINITIONS = (
					"DEBUG=1",
					"$(inherited)",
				);
				INFOPLIST_FILE = MLXCTests/Info.plist;
				LD_RUNPATH_SEARCH_PATHS = "$(inherited) @executable_path/Frameworks @loader_path/Frameworks";
				PRODUCT_NAME = "$(TARGET_NAME)";
				TEST_HOST = "$(BUILT_PRODUCTS_DIR)/MLXC.app/MLXC";
			};
			name = Debug;
		};
		4EF9EEBA1A9D66E20074D0D9 /* Release */ = {
			isa = XCBuildConfiguration;
			buildSettings = {
				BUNDLE_LOADER = "$(TEST_HOST)";
				FRAMEWORK_SEARCH_PATHS = (
					"$(SDKROOT)/Developer/Library/Frameworks",
					"$(inherited)",
				);
				INFOPLIST_FILE = MLXCTests/Info.plist;
				LD_RUNPATH_SEARCH_PATHS = "$(inherited) @executable_path/Frameworks @loader_path/Frameworks";
				PRODUCT_NAME = "$(TARGET_NAME)";
				TEST_HOST = "$(BUILT_PRODUCTS_DIR)/MLXC.app/MLXC";
			};
			name = Release;
		};
/* End XCBuildConfiguration section */

/* Begin XCConfigurationList section */
		4EF9EE8A1A9D66E20074D0D9 /* Build configuration list for PBXProject "MLXC" */ = {
			isa = XCConfigurationList;
			buildConfigurations = (
				4EF9EEB31A9D66E20074D0D9 /* Debug */,
				4EF9EEB41A9D66E20074D0D9 /* Release */,
			);
			defaultConfigurationIsVisible = 0;
			defaultConfigurationName = Release;
		};
		4EF9EEB51A9D66E20074D0D9 /* Build configuration list for PBXNativeTarget "MLXC" */ = {
			isa = XCConfigurationList;
			buildConfigurations = (
				4EF9EEB61A9D66E20074D0D9 /* Debug */,
				4EF9EEB71A9D66E20074D0D9 /* Release */,
			);
			defaultConfigurationIsVisible = 0;
		};
		4EF9EEB81A9D66E20074D0D9 /* Build configuration list for PBXNativeTarget "MLXCTests" */ = {
			isa = XCConfigurationList;
			buildConfigurations = (
				4EF9EEB91A9D66E20074D0D9 /* Debug */,
				4EF9EEBA1A9D66E20074D0D9 /* Release */,
			);
			defaultConfigurationIsVisible = 0;
		};
/* End XCConfigurationList section */
	};
	rootObject = 4EF9EE871A9D66E20074D0D9 /* Project object */;
}
